// !$*UTF8*$!
{
	archiveVersion = 1;
	classes = {
	};
	objectVersion = 55;
	objects = {

/* Begin PBXBuildFile section */
		030693C09B9F4289D5D6BA8B /* HolidayNameLocalizerTests.swift in Sources */ = {isa = PBXBuildFile; fileRef = 101850E428C0348BB00EF4D7 /* HolidayNameLocalizerTests.swift */; };
		054172C57AFFEE2FE3920BDC /* HolidayRecommendedSource.swift in Sources */ = {isa = PBXBuildFile; fileRef = D7EB68E188CDED73B8AE135E /* HolidayRecommendedSource.swift */; };
		0577A149497FC5B4732CFA3A /* RecurrenceRule.swift in Sources */ = {isa = PBXBuildFile; fileRef = 97E3A9728F3DA57418BB27CD /* RecurrenceRule.swift */; };
		0697AC19C6BDFFAFFF94B278 /* BundleHolidayProvider.swift in Sources */ = {isa = PBXBuildFile; fileRef = E799759E69C33C7F7D00BA68 /* BundleHolidayProvider.swift */; };
		08AE7721247EC259F756BCA7 /* MonthCalendarViewModel.swift in Sources */ = {isa = PBXBuildFile; fileRef = 8766BACE67A7E6BF321F82A9 /* MonthCalendarViewModel.swift */; };
		0ABAEEE72B8CEB22FB3CE3AD /* TimeNestFileDecoder.swift in Sources */ = {isa = PBXBuildFile; fileRef = A2F5D1815A1BCF29537E68C4 /* TimeNestFileDecoder.swift */; };
		0DF651EDB06F4BB5FA9469CF /* WidgetSnapshotBuilder.swift in Sources */ = {isa = PBXBuildFile; fileRef = F1A1D94F5C0EC12D7D24238E /* WidgetSnapshotBuilder.swift */; };
		0EAF58A8D6409270C82840F5 /* MonthGrid.swift in Sources */ = {isa = PBXBuildFile; fileRef = 05993F01B0DB122B6BA1A789 /* MonthGrid.swift */; };
		0EEE023B94F25784F943D445 /* Localizable.strings in Resources */ = {isa = PBXBuildFile; fileRef = 9C782E37B736D8E03823F101 /* Localizable.strings */; };
		1342A02BE9526AF41256D83B /* WidgetCalendarViews.swift in Sources */ = {isa = PBXBuildFile; fileRef = EA3288F1504F024B480E447D /* WidgetCalendarViews.swift */; };
		139044859F314F13B3A6CF8D /* LocalizedText.swift in Sources */ = {isa = PBXBuildFile; fileRef = DC65350465702DE0C940C60B /* LocalizedText.swift */; };
		1396A511CBE3C0AFAA03AE77 /* TimeNestFileExportUseCase.swift in Sources */ = {isa = PBXBuildFile; fileRef = 11B471485AB6829F00A33BC2 /* TimeNestFileExportUseCase.swift */; };
		13E79476E0BB4CF697FB635B /* ExternalCalendarImporting.swift in Sources */ = {isa = PBXBuildFile; fileRef = 9C98100FA71A91F736E6AF2A /* ExternalCalendarImporting.swift */; };
		17FAC0999A8B042A0368B9F5 /* ReminderTemplate.swift in Sources */ = {isa = PBXBuildFile; fileRef = 6BFFD56050E1512F5607B0CE /* ReminderTemplate.swift */; };
		1C361F9D6B021DF0E9677D5C /* WidgetSupport.swift in Sources */ = {isa = PBXBuildFile; fileRef = D2A4A6D16469A4E399934511 /* WidgetSupport.swift */; };
		1CF36EFDAD51EA5F17C8D63E /* WeatherProviding.swift in Sources */ = {isa = PBXBuildFile; fileRef = 93533B240DB94378B39CB486 /* WeatherProviding.swift */; };
		1D387706340E1269D7657A49 /* HolidayNameLocalizer.swift in Sources */ = {isa = PBXBuildFile; fileRef = 2402FC9F05631D686365D6EE /* HolidayNameLocalizer.swift */; };
		1DE97C99308A4D7C3FE1738B /* InMemoryEventRepository.swift in Sources */ = {isa = PBXBuildFile; fileRef = D506BFDB5D4E6C2C4B100221 /* InMemoryEventRepository.swift */; };
		213AF874F3964CEB0CAE9B05 /* HolidaySourceSettingsView.swift in Sources */ = {isa = PBXBuildFile; fileRef = 8F719FA6BB1CF0D06E842DAA /* HolidaySourceSettingsView.swift */; };
		2A29C0D5BAF560D733D461B1 /* Localizable.strings in Resources */ = {isa = PBXBuildFile; fileRef = 9C782E37B736D8E03823F101 /* Localizable.strings */; };
		2BBAA283D6F758E85311F5B7 /* TimeNestWidgetExtension.appex in Embed Foundation Extensions */ = {isa = PBXBuildFile; fileRef = 40CE646EF687AB7A7AA103A5 /* TimeNestWidgetExtension.appex */; settings = {ATTRIBUTES = (RemoveHeadersOnCopy, ); }; };
		2E6816AB0A09DC4A5E7070D7 /* ReminderScheduling.swift in Sources */ = {isa = PBXBuildFile; fileRef = 3189AE518B84EB9C17417160 /* ReminderScheduling.swift */; };
		2F6DE0F23840DF36BEBFD5CD /* WidgetSnapshotCoordinator.swift in Sources */ = {isa = PBXBuildFile; fileRef = F8E29A5142D201F4716BE83A /* WidgetSnapshotCoordinator.swift */; };
		32BB4B0199854A155036D99D /* WorkStatisticsView.swift in Sources */ = {isa = PBXBuildFile; fileRef = E81E35DBECA1EFA239E2481A /* WorkStatisticsView.swift */; };
		36D36BCDEDD761782DD873B9 /* ICSDownloadService.swift in Sources */ = {isa = PBXBuildFile; fileRef = F91FD96863142DA3FDD3A281 /* ICSDownloadService.swift */; };
		3885194124E81A81E3EA5AEB /* ReminderUseCase.swift in Sources */ = {isa = PBXBuildFile; fileRef = A9DAAC92C759FA388396D515 /* ReminderUseCase.swift */; };
		3C0DBB33175D0EDD6186D401 /* TimeNestApp.swift in Sources */ = {isa = PBXBuildFile; fileRef = 698213AABC972D7419FB4E0E /* TimeNestApp.swift */; };
		4074AD7DF76D72FAB10081D3 /* MonthCalendarView.swift in Sources */ = {isa = PBXBuildFile; fileRef = 255F8DF37315D59AA95EB8C6 /* MonthCalendarView.swift */; };
		41AA263B87C25050420F8DFB /* HolidaySubscriptionSettingsView.swift in Sources */ = {isa = PBXBuildFile; fileRef = 5EE6E4F10655EAE53BA61ADD /* HolidaySubscriptionSettingsView.swift */; };
		45B12C334F4B056C44795125 /* EventUseCase.swift in Sources */ = {isa = PBXBuildFile; fileRef = 4589C00AEF24CE62BB657401 /* EventUseCase.swift */; };
		48D249C0BB2A2BC62E43E911 /* CalendarLocalizationUseCase.swift in Sources */ = {isa = PBXBuildFile; fileRef = 147592319C4EF3130F3B90D0 /* CalendarLocalizationUseCase.swift */; };
		4A061045B7EAA24F1C062967 /* AppNotifications.swift in Sources */ = {isa = PBXBuildFile; fileRef = DA46B364BC330AA96ECC935C /* AppNotifications.swift */; };
		4AA33E476853373EFB6D2BB2 /* TabBarVisibilityState.swift in Sources */ = {isa = PBXBuildFile; fileRef = D910A4E18FE4C880A554FDF1 /* TabBarVisibilityState.swift */; };
		4B1023C5BEBAF5526FB2B199 /* TimeNestTheme.swift in Sources */ = {isa = PBXBuildFile; fileRef = 86D32FB2CE7ACD239BD9C9FC /* TimeNestTheme.swift */; };
		4B386DF10ADB393B6C8C18B0 /* EventEditorView.swift in Sources */ = {isa = PBXBuildFile; fileRef = F3F835D134D55777A57BA9A8 /* EventEditorView.swift */; };
		4C05ECED3CEC78063A9E5FE9 /* Holiday.swift in Sources */ = {isa = PBXBuildFile; fileRef = 3671B3DFE68C094CACAAE047 /* Holiday.swift */; };
		4E071716B26297F551C81A38 /* DayCalendarView.swift in Sources */ = {isa = PBXBuildFile; fileRef = 7F0E80203EF1356D852C7E9F /* DayCalendarView.swift */; };
		4E729E45EFFDA0295EB03AB3 /* ScheduledReminder.swift in Sources */ = {isa = PBXBuildFile; fileRef = 055E266712ABAAFF393EB476 /* ScheduledReminder.swift */; };
		534AC542EFF8EF9FB8834004 /* Localizable.swift in Sources */ = {isa = PBXBuildFile; fileRef = 64D3E6933979EFF7091C4719 /* Localizable.swift */; };
		5BD2F1565017648D6287192E /* HolidayEvent.swift in Sources */ = {isa = PBXBuildFile; fileRef = 7ECE250FA345A1F3AD59B44C /* HolidayEvent.swift */; };
		5E161B9577756504BA816058 /* HolidayEventCacheRepository.swift in Sources */ = {isa = PBXBuildFile; fileRef = 2D5F74197DEF56FB12A7CBCE /* HolidayEventCacheRepository.swift */; };
		611A9F431992D5584569D5CA /* TimeNestExportFile.swift in Sources */ = {isa = PBXBuildFile; fileRef = 375A1C42A512ADA3DFDB2AC4 /* TimeNestExportFile.swift */; };
		63269FA47CA3D0AFBB22F285 /* SwiftDataCalendarEventEntity.swift in Sources */ = {isa = PBXBuildFile; fileRef = 2ABF7A719DD2B715D9199174 /* SwiftDataCalendarEventEntity.swift */; };
		6423FEA66D4E3409CAB550F0 /* AppError.swift in Sources */ = {isa = PBXBuildFile; fileRef = 2DA9614B509A6481D7AEF1CD /* AppError.swift */; };
		64FA72591EAFF7BF368196FA /* HomeScreenWidgets.swift in Sources */ = {isa = PBXBuildFile; fileRef = 0191EA6B06EB4CEF98AD452D /* HomeScreenWidgets.swift */; };
		70A3CF824BEC7C8F1300CC90 /* SwiftDataReminderMapper.swift in Sources */ = {isa = PBXBuildFile; fileRef = 93A6B84A5B4D2D14C5C53257 /* SwiftDataReminderMapper.swift */; };
		715474D479FC05B6C4DB0F44 /* YearMonthPickerView.swift in Sources */ = {isa = PBXBuildFile; fileRef = 36FD11D57EE56D99975E5266 /* YearMonthPickerView.swift */; };
		71AE462561F299D3BE23BF2E /* EventRepository.swift in Sources */ = {isa = PBXBuildFile; fileRef = 56173AE8F9BFC1AD236F1583 /* EventRepository.swift */; };
		72288144E285C2E8CDE0497F /* AdConfiguration.swift in Sources */ = {isa = PBXBuildFile; fileRef = 070695F34210CC1A2873BC3D /* AdConfiguration.swift */; };
		72EED81598A18C89AFD5A773 /* ImportSourceType.swift in Sources */ = {isa = PBXBuildFile; fileRef = C1546D58C384E44B67DD07CB /* ImportSourceType.swift */; };
		7671D365849B6A4C88FEB783 /* TuistAssets+TimeNest.swift in Sources */ = {isa = PBXBuildFile; fileRef = A60AFC0A83160C9B254218D3 /* TuistAssets+TimeNest.swift */; };
		778EE6232DFEB476EB517FF5 /* WeekStartPolicy.swift in Sources */ = {isa = PBXBuildFile; fileRef = 2EC25C8B962498EDDACE984E /* WeekStartPolicy.swift */; };
		7869551F6DCD515B8617170A /* AccessoryWidget.swift in Sources */ = {isa = PBXBuildFile; fileRef = AADEB881A3BE94A11F27A1BF /* AccessoryWidget.swift */; };
		78F6C1A81FF9FB2A50EED384 /* SwiftDataRepositoryLogger.swift in Sources */ = {isa = PBXBuildFile; fileRef = D603BB1E8EA2FB44599AC42A /* SwiftDataRepositoryLogger.swift */; };
		7D2A69B2C63C1D5EB259EBB7 /* HolidayType.swift in Sources */ = {isa = PBXBuildFile; fileRef = A49D6CD7EBA48907AD28AE6B /* HolidayType.swift */; };
		7D94668215024A4C620771B9 /* ICSParseServiceTests.swift in Sources */ = {isa = PBXBuildFile; fileRef = 5F13F5A7D39130718BFA3D8C /* ICSParseServiceTests.swift */; };
		7DCAA106627C03514833909F /* CalendarEvent.swift in Sources */ = {isa = PBXBuildFile; fileRef = 3812DA86CFA7341C6005EADC /* CalendarEvent.swift */; };
		7EB9820BDFD843BE37DFA94A /* WorkStatisticsViewModel.swift in Sources */ = {isa = PBXBuildFile; fileRef = 906DCCE7EA6A1C66D6D3B2E0 /* WorkStatisticsViewModel.swift */; };
		807B38278C4BC50554C76052 /* TimeNestFileEncoder.swift in Sources */ = {isa = PBXBuildFile; fileRef = E1785C977E3904B8C0105619 /* TimeNestFileEncoder.swift */; };
		81F909FCB7CE48C8146A7408 /* ReminderRepository.swift in Sources */ = {isa = PBXBuildFile; fileRef = 929ABE66D20FB8733BAE61C3 /* ReminderRepository.swift */; };
		8934D5604F0DD4000DF22C05 /* DisplayLanguage.swift in Sources */ = {isa = PBXBuildFile; fileRef = 04A35D8C4C8E7C99F7504CF8 /* DisplayLanguage.swift */; };
		89CE98B8FAF594F9E3F186D2 /* EventEditorDateNormalizer.swift in Sources */ = {isa = PBXBuildFile; fileRef = EDC46903BA04958949B7C48B /* EventEditorDateNormalizer.swift */; };
		8B96334632016F40F284BED4 /* TimeNestWidgetBundle.swift in Sources */ = {isa = PBXBuildFile; fileRef = 8FBC4D499458C56E0E57EEFB /* TimeNestWidgetBundle.swift */; };
		8D11BD6CB5FCB905B4D59B23 /* SwiftDataEventMapper.swift in Sources */ = {isa = PBXBuildFile; fileRef = A928DCCA18FF0F3B04CAC4CD /* SwiftDataEventMapper.swift */; };
		919184DD18DDEC84143DE922 /* ReminderStatus.swift in Sources */ = {isa = PBXBuildFile; fileRef = FBCEC70F2B3E77FD47089A18 /* ReminderStatus.swift */; };
		9200003D2B9DC983DAFAEFE9 /* WeekCalendarView.swift in Sources */ = {isa = PBXBuildFile; fileRef = 7B40494292AA8D28240524F2 /* WeekCalendarView.swift */; };
		94254F00977028D0FB494340 /* HolidayProviding.swift in Sources */ = {isa = PBXBuildFile; fileRef = 74DD9EB269476F6F4BF47DEB /* HolidayProviding.swift */; };
		957C4B2C0CC597B0ADD86D15 /* CalendarViewMode.swift in Sources */ = {isa = PBXBuildFile; fileRef = F413AFD59DC28FA0E75BAFD7 /* CalendarViewMode.swift */; };
		9744DD22F8C49D8F31C0468B /* EventCategory.swift in Sources */ = {isa = PBXBuildFile; fileRef = BBEF5120F75D73162FE7EDC5 /* EventCategory.swift */; };
		97CB10665E539980B5A08533 /* ICSParsingService.swift in Sources */ = {isa = PBXBuildFile; fileRef = 0063E05B7A32EFB216D87281 /* ICSParsingService.swift */; };
		9B754AFAEDEF419348279B74 /* WidgetSnapshot.swift in Sources */ = {isa = PBXBuildFile; fileRef = 33B507588B23C039BC6ACD89 /* WidgetSnapshot.swift */; };
		9C687E0D84D265BB1056ED95 /* TuistBundle+TimeNestWidgetExtension.swift in Sources */ = {isa = PBXBuildFile; fileRef = ED8309FCB6026E42D4C09FFE /* TuistBundle+TimeNestWidgetExtension.swift */; };
		9C99DD8100D2974E11B65A0C /* TuistBundle+TimeNest.swift in Sources */ = {isa = PBXBuildFile; fileRef = DF5DA116854EE5B6E0F28A5A /* TuistBundle+TimeNest.swift */; };
		9EFD24FE873FB4B2B51AE3BF /* HolidayUseCase.swift in Sources */ = {isa = PBXBuildFile; fileRef = 9AD8EA6A72E89D0CF8F82BDA /* HolidayUseCase.swift */; };
		A3792216AB0BDD08E37C1C2F /* InfoPlist.strings in Resources */ = {isa = PBXBuildFile; fileRef = 1932E070BAE2E6B701259C8D /* InfoPlist.strings */; };
		A4C08451CAC6D6B86F2900C9 /* SwiftDataEventRepository.swift in Sources */ = {isa = PBXBuildFile; fileRef = CE153F85137A2023D9E1A57B /* SwiftDataEventRepository.swift */; };
		A5F24E570669D62C4A0C27A4 /* WidgetSnapshot.swift in Sources */ = {isa = PBXBuildFile; fileRef = 33B507588B23C039BC6ACD89 /* WidgetSnapshot.swift */; };
		A61E7990DC2EA513351B8666 /* HelpView.swift in Sources */ = {isa = PBXBuildFile; fileRef = 59A18716AECA636B75D5EA18 /* HelpView.swift */; };
		A9E11E45B8FBC59C96450959 /* ImportSource.swift in Sources */ = {isa = PBXBuildFile; fileRef = CC262AAD2C2D84F38F692A7A /* ImportSource.swift */; };
		AA041746F2F4582BE0B36431 /* ContentView.swift in Sources */ = {isa = PBXBuildFile; fileRef = 23C741E9AFC95D68570F8BF9 /* ContentView.swift */; };
		AB1F7307661E76B84A1C8B7A /* HolidayRegion.swift in Sources */ = {isa = PBXBuildFile; fileRef = 54397E24A5C183E8B958D162 /* HolidayRegion.swift */; };
		ACA3D108F580596D59013108 /* HolidaySubscription.swift in Sources */ = {isa = PBXBuildFile; fileRef = AA8102DC9C2AED69BA14461F /* HolidaySubscription.swift */; };
		AFD5AB6646F8B79541912863 /* CalendarDisplayUseCase.swift in Sources */ = {isa = PBXBuildFile; fileRef = 523DBD26D2047F7710E61B9F /* CalendarDisplayUseCase.swift */; };
		B061FE6E7B430B8B6707FB1F /* DateOnly.swift in Sources */ = {isa = PBXBuildFile; fileRef = CA2228372C167FC36E85066E /* DateOnly.swift */; };
		B2F4B58C1DD420D2B5C5911D /* PrivacyInfo.xcprivacy in Resources */ = {isa = PBXBuildFile; fileRef = 572E3EA9D52F0C5443BFA9B7 /* PrivacyInfo.xcprivacy */; };
		B7E387A03518C78B9B665340 /* AdMobBannerView.swift in Sources */ = {isa = PBXBuildFile; fileRef = FD1AB696AB99496E6CA73548 /* AdMobBannerView.swift */; };
		B89B1698AB583D10078BFFEB /* InMemoryReminderRepository.swift in Sources */ = {isa = PBXBuildFile; fileRef = FF57316C5D15E12E25C46D3D /* InMemoryReminderRepository.swift */; };
		B8B80BF31BF9FE8D09334BE6 /* TimeNestFileImportUseCase.swift in Sources */ = {isa = PBXBuildFile; fileRef = B39DBADCC8DFAC83240E7052 /* TimeNestFileImportUseCase.swift */; };
		B9F6D9D8321632E8582A22F0 /* GoogleMobileAds in Frameworks */ = {isa = PBXBuildFile; productRef = 06F99D159398DDDBEFDB454B /* GoogleMobileAds */; };
		BF653EA7371BF409E4C7EDEF /* Assets.xcassets in Resources */ = {isa = PBXBuildFile; fileRef = 061140EC91CE348A8FB6AFC5 /* Assets.xcassets */; };
		BFC2E4071046602758FE794B /* WeekdayHeaderView.swift in Sources */ = {isa = PBXBuildFile; fileRef = B88C62841639AC38F232A51D /* WeekdayHeaderView.swift */; };
		C0C749CE791967E6EA0E91A6 /* CalendarHeaderView.swift in Sources */ = {isa = PBXBuildFile; fileRef = FCCB9B14D63BBB681C058FEA /* CalendarHeaderView.swift */; };
		C87249AB16F4E371618911FD /* TimeNestFileSharingView.swift in Sources */ = {isa = PBXBuildFile; fileRef = 1C0CAEAD6BBF5761066588BD /* TimeNestFileSharingView.swift */; };
		C9DD1A59759A9A4A91085418 /* DayDetailView.swift in Sources */ = {isa = PBXBuildFile; fileRef = CF6156A25585B758EA3C71B1 /* DayDetailView.swift */; };
		CABD232E95D22392BF776E6A /* SwiftDataReminderRepository.swift in Sources */ = {isa = PBXBuildFile; fileRef = AC96A0CD153A10F5FE8D984C /* SwiftDataReminderRepository.swift */; };
		D06F1FBB9D827B9F1F8AFBFC /* CalendarBottomToolbarView.swift in Sources */ = {isa = PBXBuildFile; fileRef = 1DE6F685787AEAD48B0CD9C0 /* CalendarBottomToolbarView.swift */; };
		D0F5D81DF85370C1F6EAFEA7 /* CalendarDisplaySetting.swift in Sources */ = {isa = PBXBuildFile; fileRef = E91E182838B9F670B43F27CC /* CalendarDisplaySetting.swift */; };
		D6D05BDFEEB0E05B58DA6388 /* HolidaySubscriptionManager.swift in Sources */ = {isa = PBXBuildFile; fileRef = E2513065C4258C1A299CC35D /* HolidaySubscriptionManager.swift */; };
		DE6CB8DC70D489E1A1C12957 /* EventOccurrence.swift in Sources */ = {isa = PBXBuildFile; fileRef = 7C13D7D01D8B0BE74AB549A4 /* EventOccurrence.swift */; };
		DF4E022EDA878C2B86680F04 /* LocalizationManager.swift in Sources */ = {isa = PBXBuildFile; fileRef = C109F88ABA8B7460D5381E89 /* LocalizationManager.swift */; };
		E0195D25135AD75438254F40 /* SettingsAndStatisticsLogicTests.swift in Sources */ = {isa = PBXBuildFile; fileRef = 699CA3294F4766305E8F0475 /* SettingsAndStatisticsLogicTests.swift */; };
		E3F5D37201B9CC7AC2B20A1E /* MockWeatherProvider.swift in Sources */ = {isa = PBXBuildFile; fileRef = 6EC1E527E978E1282C8B12DD /* MockWeatherProvider.swift */; };
		E49E6EB29A391ECB00088F4D /* CalendarStyles.swift in Sources */ = {isa = PBXBuildFile; fileRef = B2B79C74CDC902B76AD477B0 /* CalendarStyles.swift */; };
		EABE3524AFD0F00FFBBF2228 /* CalendarAdBannerContainer.swift in Sources */ = {isa = PBXBuildFile; fileRef = EFCF5B32C23FA036EF957A1F /* CalendarAdBannerContainer.swift */; };
		EACD70DA0475843CFE1EFC26 /* TuistStrings+TimeNest.swift in Sources */ = {isa = PBXBuildFile; fileRef = DD60AC012AFD4FB0D80E74A4 /* TuistStrings+TimeNest.swift */; };
		ED55F5AA8BA20313B0D4A40D /* ReminderStep.swift in Sources */ = {isa = PBXBuildFile; fileRef = 2112727B74951811FF87468E /* ReminderStep.swift */; };
		F070011046E45E3F7915ACCD /* ShiftTimeTemplateID.swift in Sources */ = {isa = PBXBuildFile; fileRef = 3A8514C6F62461A52F6C7551 /* ShiftTimeTemplateID.swift */; };
		F6926445027ACF53819DE6D7 /* SettingsView.swift in Sources */ = {isa = PBXBuildFile; fileRef = D916BD562FD27692278BE08C /* SettingsView.swift */; };
		F74CA824A6ACBB372519EDCD /* MockReminderScheduler.swift in Sources */ = {isa = PBXBuildFile; fileRef = 80CB77277B26A74D98EF25C3 /* MockReminderScheduler.swift */; };
		F8DA7139680EDB332AE1B2E6 /* SwiftDataReminderEntity.swift in Sources */ = {isa = PBXBuildFile; fileRef = F1B26128BDCDE6FD0907625F /* SwiftDataReminderEntity.swift */; };
		FB7C124BB79025D299359E52 /* TuistStrings+TimeNestWidgetExtension.swift in Sources */ = {isa = PBXBuildFile; fileRef = 628806BD83D5701C69BE9FE7 /* TuistStrings+TimeNestWidgetExtension.swift */; };
/* End PBXBuildFile section */

/* Begin PBXContainerItemProxy section */
		50DDF65DBC08113ED92C3417 /* PBXContainerItemProxy */ = {
			isa = PBXContainerItemProxy;
			containerPortal = 6A6959C8840239CBDDE58058 /* Project object */;
			proxyType = 1;
			remoteGlobalIDString = F417ACF56F3AD1754A4D494A;
			remoteInfo = TimeNestWidgetExtension;
		};
		D4B1CADE2759CBDA437A974A /* PBXContainerItemProxy */ = {
			isa = PBXContainerItemProxy;
			containerPortal = 6A6959C8840239CBDDE58058 /* Project object */;
			proxyType = 1;
			remoteGlobalIDString = 2225269E6F32DE4DDE7D53EC;
			remoteInfo = TimeNest;
		};
/* End PBXContainerItemProxy section */

/* Begin PBXCopyFilesBuildPhase section */
		3254E66F182087A499CBBEF7 /* Embed Frameworks */ = {
			isa = PBXCopyFilesBuildPhase;
			buildActionMask = 2147483647;
			dstPath = "";
			dstSubfolderSpec = 10;
			files = (
			);
			name = "Embed Frameworks";
			runOnlyForDeploymentPostprocessing = 0;
		};
		33ED2341F6826CD2336E5478 /* Embed Foundation Extensions */ = {
			isa = PBXCopyFilesBuildPhase;
			buildActionMask = 2147483647;
			dstSubfolderSpec = 13;
			files = (
				2BBAA283D6F758E85311F5B7 /* TimeNestWidgetExtension.appex in Embed Foundation Extensions */,
			);
			name = "Embed Foundation Extensions";
			runOnlyForDeploymentPostprocessing = 0;
		};
		508A0DA81798421314FE581F /* Embed Frameworks */ = {
			isa = PBXCopyFilesBuildPhase;
			buildActionMask = 2147483647;
			dstPath = "";
			dstSubfolderSpec = 10;
			files = (
			);
			name = "Embed Frameworks";
			runOnlyForDeploymentPostprocessing = 0;
		};
		54C4050F4AA7B519D75E5530 /* Embed Frameworks */ = {
			isa = PBXCopyFilesBuildPhase;
			buildActionMask = 2147483647;
			dstPath = "";
			dstSubfolderSpec = 10;
			files = (
			);
			name = "Embed Frameworks";
			runOnlyForDeploymentPostprocessing = 0;
		};
/* End PBXCopyFilesBuildPhase section */

/* Begin PBXFileReference section */
		0063E05B7A32EFB216D87281 /* ICSParsingService.swift */ = {isa = PBXFileReference; lastKnownFileType = sourcecode.swift; path = ICSParsingService.swift; sourceTree = "<group>"; };
		016F0667ED1D15B10C1A3256 /* en */ = {isa = PBXFileReference; lastKnownFileType = text.plist.strings; name = en; path = en.lproj/Localizable.strings; sourceTree = "<group>"; };
		0191EA6B06EB4CEF98AD452D /* HomeScreenWidgets.swift */ = {isa = PBXFileReference; lastKnownFileType = sourcecode.swift; path = HomeScreenWidgets.swift; sourceTree = "<group>"; };
		04A35D8C4C8E7C99F7504CF8 /* DisplayLanguage.swift */ = {isa = PBXFileReference; lastKnownFileType = sourcecode.swift; path = DisplayLanguage.swift; sourceTree = "<group>"; };
		055E266712ABAAFF393EB476 /* ScheduledReminder.swift */ = {isa = PBXFileReference; lastKnownFileType = sourcecode.swift; path = ScheduledReminder.swift; sourceTree = "<group>"; };
		05993F01B0DB122B6BA1A789 /* MonthGrid.swift */ = {isa = PBXFileReference; lastKnownFileType = sourcecode.swift; path = MonthGrid.swift; sourceTree = "<group>"; };
		061140EC91CE348A8FB6AFC5 /* Assets.xcassets */ = {isa = PBXFileReference; lastKnownFileType = folder.assetcatalog; path = Assets.xcassets; sourceTree = "<group>"; };
		070695F34210CC1A2873BC3D /* AdConfiguration.swift */ = {isa = PBXFileReference; lastKnownFileType = sourcecode.swift; path = AdConfiguration.swift; sourceTree = "<group>"; };
		101850E428C0348BB00EF4D7 /* HolidayNameLocalizerTests.swift */ = {isa = PBXFileReference; lastKnownFileType = sourcecode.swift; path = HolidayNameLocalizerTests.swift; sourceTree = "<group>"; };
		11B471485AB6829F00A33BC2 /* TimeNestFileExportUseCase.swift */ = {isa = PBXFileReference; lastKnownFileType = sourcecode.swift; path = TimeNestFileExportUseCase.swift; sourceTree = "<group>"; };
		147592319C4EF3130F3B90D0 /* CalendarLocalizationUseCase.swift */ = {isa = PBXFileReference; lastKnownFileType = sourcecode.swift; path = CalendarLocalizationUseCase.swift; sourceTree = "<group>"; };
		1C0CAEAD6BBF5761066588BD /* TimeNestFileSharingView.swift */ = {isa = PBXFileReference; lastKnownFileType = sourcecode.swift; path = TimeNestFileSharingView.swift; sourceTree = "<group>"; };
		1DE6F685787AEAD48B0CD9C0 /* CalendarBottomToolbarView.swift */ = {isa = PBXFileReference; lastKnownFileType = sourcecode.swift; path = CalendarBottomToolbarView.swift; sourceTree = "<group>"; };
		2112727B74951811FF87468E /* ReminderStep.swift */ = {isa = PBXFileReference; lastKnownFileType = sourcecode.swift; path = ReminderStep.swift; sourceTree = "<group>"; };
		23C741E9AFC95D68570F8BF9 /* ContentView.swift */ = {isa = PBXFileReference; lastKnownFileType = sourcecode.swift; path = ContentView.swift; sourceTree = "<group>"; };
		2402FC9F05631D686365D6EE /* HolidayNameLocalizer.swift */ = {isa = PBXFileReference; lastKnownFileType = sourcecode.swift; path = HolidayNameLocalizer.swift; sourceTree = "<group>"; };
		255F8DF37315D59AA95EB8C6 /* MonthCalendarView.swift */ = {isa = PBXFileReference; lastKnownFileType = sourcecode.swift; path = MonthCalendarView.swift; sourceTree = "<group>"; };
		2A06BBF22976DDC130A4D262 /* en */ = {isa = PBXFileReference; lastKnownFileType = text.plist.strings; name = en; path = en.lproj/InfoPlist.strings; sourceTree = "<group>"; };
		2ABF7A719DD2B715D9199174 /* SwiftDataCalendarEventEntity.swift */ = {isa = PBXFileReference; lastKnownFileType = sourcecode.swift; path = SwiftDataCalendarEventEntity.swift; sourceTree = "<group>"; };
		2D5F74197DEF56FB12A7CBCE /* HolidayEventCacheRepository.swift */ = {isa = PBXFileReference; lastKnownFileType = sourcecode.swift; path = HolidayEventCacheRepository.swift; sourceTree = "<group>"; };
		2DA9614B509A6481D7AEF1CD /* AppError.swift */ = {isa = PBXFileReference; lastKnownFileType = sourcecode.swift; path = AppError.swift; sourceTree = "<group>"; };
		2EC25C8B962498EDDACE984E /* WeekStartPolicy.swift */ = {isa = PBXFileReference; lastKnownFileType = sourcecode.swift; path = WeekStartPolicy.swift; sourceTree = "<group>"; };
		3189AE518B84EB9C17417160 /* ReminderScheduling.swift */ = {isa = PBXFileReference; lastKnownFileType = sourcecode.swift; path = ReminderScheduling.swift; sourceTree = "<group>"; };
		33B507588B23C039BC6ACD89 /* WidgetSnapshot.swift */ = {isa = PBXFileReference; lastKnownFileType = sourcecode.swift; path = WidgetSnapshot.swift; sourceTree = "<group>"; };
		3671B3DFE68C094CACAAE047 /* Holiday.swift */ = {isa = PBXFileReference; lastKnownFileType = sourcecode.swift; path = Holiday.swift; sourceTree = "<group>"; };
		36FD11D57EE56D99975E5266 /* YearMonthPickerView.swift */ = {isa = PBXFileReference; lastKnownFileType = sourcecode.swift; path = YearMonthPickerView.swift; sourceTree = "<group>"; };
		375A1C42A512ADA3DFDB2AC4 /* TimeNestExportFile.swift */ = {isa = PBXFileReference; lastKnownFileType = sourcecode.swift; path = TimeNestExportFile.swift; sourceTree = "<group>"; };
		3812DA86CFA7341C6005EADC /* CalendarEvent.swift */ = {isa = PBXFileReference; lastKnownFileType = sourcecode.swift; path = CalendarEvent.swift; sourceTree = "<group>"; };
		3A8514C6F62461A52F6C7551 /* ShiftTimeTemplateID.swift */ = {isa = PBXFileReference; lastKnownFileType = sourcecode.swift; path = ShiftTimeTemplateID.swift; sourceTree = "<group>"; };
		40CE646EF687AB7A7AA103A5 /* TimeNestWidgetExtension.appex */ = {isa = PBXFileReference; explicitFileType = "wrapper.app-extension"; includeInIndex = 0; path = TimeNestWidgetExtension.appex; sourceTree = BUILT_PRODUCTS_DIR; };
		439F0F42610DAABCB1A9BEF8 /* TimeNestTests.xctest */ = {isa = PBXFileReference; explicitFileType = wrapper.cfbundle; includeInIndex = 0; path = TimeNestTests.xctest; sourceTree = BUILT_PRODUCTS_DIR; };
		4589C00AEF24CE62BB657401 /* EventUseCase.swift */ = {isa = PBXFileReference; lastKnownFileType = sourcecode.swift; path = EventUseCase.swift; sourceTree = "<group>"; };
		523DBD26D2047F7710E61B9F /* CalendarDisplayUseCase.swift */ = {isa = PBXFileReference; lastKnownFileType = sourcecode.swift; path = CalendarDisplayUseCase.swift; sourceTree = "<group>"; };
		54397E24A5C183E8B958D162 /* HolidayRegion.swift */ = {isa = PBXFileReference; lastKnownFileType = sourcecode.swift; path = HolidayRegion.swift; sourceTree = "<group>"; };
		56173AE8F9BFC1AD236F1583 /* EventRepository.swift */ = {isa = PBXFileReference; lastKnownFileType = sourcecode.swift; path = EventRepository.swift; sourceTree = "<group>"; };
		572E3EA9D52F0C5443BFA9B7 /* PrivacyInfo.xcprivacy */ = {isa = PBXFileReference; path = PrivacyInfo.xcprivacy; sourceTree = "<group>"; };
		59A18716AECA636B75D5EA18 /* HelpView.swift */ = {isa = PBXFileReference; lastKnownFileType = sourcecode.swift; path = HelpView.swift; sourceTree = "<group>"; };
		5C542F8ABD886FDBF6BE6E30 /* ja */ = {isa = PBXFileReference; lastKnownFileType = text.plist.strings; name = ja; path = ja.lproj/Localizable.strings; sourceTree = "<group>"; };
		5EE6E4F10655EAE53BA61ADD /* HolidaySubscriptionSettingsView.swift */ = {isa = PBXFileReference; lastKnownFileType = sourcecode.swift; path = HolidaySubscriptionSettingsView.swift; sourceTree = "<group>"; };
		5F13F5A7D39130718BFA3D8C /* ICSParseServiceTests.swift */ = {isa = PBXFileReference; lastKnownFileType = sourcecode.swift; path = ICSParseServiceTests.swift; sourceTree = "<group>"; };
		6014366204119534448DB749 /* ko */ = {isa = PBXFileReference; lastKnownFileType = text.plist.strings; name = ko; path = ko.lproj/InfoPlist.strings; sourceTree = "<group>"; };
		628806BD83D5701C69BE9FE7 /* TuistStrings+TimeNestWidgetExtension.swift */ = {isa = PBXFileReference; lastKnownFileType = sourcecode.swift; path = "TuistStrings+TimeNestWidgetExtension.swift"; sourceTree = "<group>"; };
		64D3E6933979EFF7091C4719 /* Localizable.swift */ = {isa = PBXFileReference; lastKnownFileType = sourcecode.swift; path = Localizable.swift; sourceTree = "<group>"; };
		68EE4CC06CB1727FBB90F994 /* Info.plist */ = {isa = PBXFileReference; lastKnownFileType = text.plist; path = Info.plist; sourceTree = "<group>"; };
		6963FA366BAEA21BAA85D4A3 /* TimeNestWidgetExtension-Info.plist */ = {isa = PBXFileReference; lastKnownFileType = text.plist; path = "TimeNestWidgetExtension-Info.plist"; sourceTree = "<group>"; };
		698213AABC972D7419FB4E0E /* TimeNestApp.swift */ = {isa = PBXFileReference; lastKnownFileType = sourcecode.swift; path = TimeNestApp.swift; sourceTree = "<group>"; };
		699CA3294F4766305E8F0475 /* SettingsAndStatisticsLogicTests.swift */ = {isa = PBXFileReference; lastKnownFileType = sourcecode.swift; path = SettingsAndStatisticsLogicTests.swift; sourceTree = "<group>"; };
		6BFFD56050E1512F5607B0CE /* ReminderTemplate.swift */ = {isa = PBXFileReference; lastKnownFileType = sourcecode.swift; path = ReminderTemplate.swift; sourceTree = "<group>"; };
		6EC1E527E978E1282C8B12DD /* MockWeatherProvider.swift */ = {isa = PBXFileReference; lastKnownFileType = sourcecode.swift; path = MockWeatherProvider.swift; sourceTree = "<group>"; };
		74DD9EB269476F6F4BF47DEB /* HolidayProviding.swift */ = {isa = PBXFileReference; lastKnownFileType = sourcecode.swift; path = HolidayProviding.swift; sourceTree = "<group>"; };
		7B40494292AA8D28240524F2 /* WeekCalendarView.swift */ = {isa = PBXFileReference; lastKnownFileType = sourcecode.swift; path = WeekCalendarView.swift; sourceTree = "<group>"; };
		7C13D7D01D8B0BE74AB549A4 /* EventOccurrence.swift */ = {isa = PBXFileReference; lastKnownFileType = sourcecode.swift; path = EventOccurrence.swift; sourceTree = "<group>"; };
		7C1DD313D8600C2F558390F4 /* TimeNest.app */ = {isa = PBXFileReference; explicitFileType = wrapper.application; includeInIndex = 0; path = TimeNest.app; sourceTree = BUILT_PRODUCTS_DIR; };
		7C4251982C80EB3BB5CEEF79 /* zh-Hans */ = {isa = PBXFileReference; lastKnownFileType = text.plist.strings; name = "zh-Hans"; path = "zh-Hans.lproj/Localizable.strings"; sourceTree = "<group>"; };
		7ECE250FA345A1F3AD59B44C /* HolidayEvent.swift */ = {isa = PBXFileReference; lastKnownFileType = sourcecode.swift; path = HolidayEvent.swift; sourceTree = "<group>"; };
		7F0E80203EF1356D852C7E9F /* DayCalendarView.swift */ = {isa = PBXFileReference; lastKnownFileType = sourcecode.swift; path = DayCalendarView.swift; sourceTree = "<group>"; };
		80CB77277B26A74D98EF25C3 /* MockReminderScheduler.swift */ = {isa = PBXFileReference; lastKnownFileType = sourcecode.swift; path = MockReminderScheduler.swift; sourceTree = "<group>"; };
		859200B953D65910745C1393 /* ja */ = {isa = PBXFileReference; lastKnownFileType = text.plist.strings; name = ja; path = ja.lproj/InfoPlist.strings; sourceTree = "<group>"; };
		86D32FB2CE7ACD239BD9C9FC /* TimeNestTheme.swift */ = {isa = PBXFileReference; lastKnownFileType = sourcecode.swift; path = TimeNestTheme.swift; sourceTree = "<group>"; };
		8766BACE67A7E6BF321F82A9 /* MonthCalendarViewModel.swift */ = {isa = PBXFileReference; lastKnownFileType = sourcecode.swift; path = MonthCalendarViewModel.swift; sourceTree = "<group>"; };
		8F719FA6BB1CF0D06E842DAA /* HolidaySourceSettingsView.swift */ = {isa = PBXFileReference; lastKnownFileType = sourcecode.swift; path = HolidaySourceSettingsView.swift; sourceTree = "<group>"; };
		8FBC4D499458C56E0E57EEFB /* TimeNestWidgetBundle.swift */ = {isa = PBXFileReference; lastKnownFileType = sourcecode.swift; path = TimeNestWidgetBundle.swift; sourceTree = "<group>"; };
		906DCCE7EA6A1C66D6D3B2E0 /* WorkStatisticsViewModel.swift */ = {isa = PBXFileReference; lastKnownFileType = sourcecode.swift; path = WorkStatisticsViewModel.swift; sourceTree = "<group>"; };
		929ABE66D20FB8733BAE61C3 /* ReminderRepository.swift */ = {isa = PBXFileReference; lastKnownFileType = sourcecode.swift; path = ReminderRepository.swift; sourceTree = "<group>"; };
		93533B240DB94378B39CB486 /* WeatherProviding.swift */ = {isa = PBXFileReference; lastKnownFileType = sourcecode.swift; path = WeatherProviding.swift; sourceTree = "<group>"; };
		93A6B84A5B4D2D14C5C53257 /* SwiftDataReminderMapper.swift */ = {isa = PBXFileReference; lastKnownFileType = sourcecode.swift; path = SwiftDataReminderMapper.swift; sourceTree = "<group>"; };
		97E3A9728F3DA57418BB27CD /* RecurrenceRule.swift */ = {isa = PBXFileReference; lastKnownFileType = sourcecode.swift; path = RecurrenceRule.swift; sourceTree = "<group>"; };
		9AD8EA6A72E89D0CF8F82BDA /* HolidayUseCase.swift */ = {isa = PBXFileReference; lastKnownFileType = sourcecode.swift; path = HolidayUseCase.swift; sourceTree = "<group>"; };
		9C98100FA71A91F736E6AF2A /* ExternalCalendarImporting.swift */ = {isa = PBXFileReference; lastKnownFileType = sourcecode.swift; path = ExternalCalendarImporting.swift; sourceTree = "<group>"; };
		A2F5D1815A1BCF29537E68C4 /* TimeNestFileDecoder.swift */ = {isa = PBXFileReference; lastKnownFileType = sourcecode.swift; path = TimeNestFileDecoder.swift; sourceTree = "<group>"; };
		A49D6CD7EBA48907AD28AE6B /* HolidayType.swift */ = {isa = PBXFileReference; lastKnownFileType = sourcecode.swift; path = HolidayType.swift; sourceTree = "<group>"; };
		A60AFC0A83160C9B254218D3 /* TuistAssets+TimeNest.swift */ = {isa = PBXFileReference; lastKnownFileType = sourcecode.swift; path = "TuistAssets+TimeNest.swift"; sourceTree = "<group>"; };
		A928DCCA18FF0F3B04CAC4CD /* SwiftDataEventMapper.swift */ = {isa = PBXFileReference; lastKnownFileType = sourcecode.swift; path = SwiftDataEventMapper.swift; sourceTree = "<group>"; };
		A9DAAC92C759FA388396D515 /* ReminderUseCase.swift */ = {isa = PBXFileReference; lastKnownFileType = sourcecode.swift; path = ReminderUseCase.swift; sourceTree = "<group>"; };
		AA8102DC9C2AED69BA14461F /* HolidaySubscription.swift */ = {isa = PBXFileReference; lastKnownFileType = sourcecode.swift; path = HolidaySubscription.swift; sourceTree = "<group>"; };
		AADEB881A3BE94A11F27A1BF /* AccessoryWidget.swift */ = {isa = PBXFileReference; lastKnownFileType = sourcecode.swift; path = AccessoryWidget.swift; sourceTree = "<group>"; };
		AC96A0CD153A10F5FE8D984C /* SwiftDataReminderRepository.swift */ = {isa = PBXFileReference; lastKnownFileType = sourcecode.swift; path = SwiftDataReminderRepository.swift; sourceTree = "<group>"; };
		B2B79C74CDC902B76AD477B0 /* CalendarStyles.swift */ = {isa = PBXFileReference; lastKnownFileType = sourcecode.swift; path = CalendarStyles.swift; sourceTree = "<group>"; };
		B39DBADCC8DFAC83240E7052 /* TimeNestFileImportUseCase.swift */ = {isa = PBXFileReference; lastKnownFileType = sourcecode.swift; path = TimeNestFileImportUseCase.swift; sourceTree = "<group>"; };
		B88C62841639AC38F232A51D /* WeekdayHeaderView.swift */ = {isa = PBXFileReference; lastKnownFileType = sourcecode.swift; path = WeekdayHeaderView.swift; sourceTree = "<group>"; };
		BBEF5120F75D73162FE7EDC5 /* EventCategory.swift */ = {isa = PBXFileReference; lastKnownFileType = sourcecode.swift; path = EventCategory.swift; sourceTree = "<group>"; };
		BDFA6A3E0D35F63848D80E52 /* TimeNestTests-Info.plist */ = {isa = PBXFileReference; lastKnownFileType = text.plist; path = "TimeNestTests-Info.plist"; sourceTree = "<group>"; };
		BF164A3A542847D9266063B7 /* ko */ = {isa = PBXFileReference; lastKnownFileType = text.plist.strings; name = ko; path = ko.lproj/Localizable.strings; sourceTree = "<group>"; };
		C109F88ABA8B7460D5381E89 /* LocalizationManager.swift */ = {isa = PBXFileReference; lastKnownFileType = sourcecode.swift; path = LocalizationManager.swift; sourceTree = "<group>"; };
		C1546D58C384E44B67DD07CB /* ImportSourceType.swift */ = {isa = PBXFileReference; lastKnownFileType = sourcecode.swift; path = ImportSourceType.swift; sourceTree = "<group>"; };
		CA2228372C167FC36E85066E /* DateOnly.swift */ = {isa = PBXFileReference; lastKnownFileType = sourcecode.swift; path = DateOnly.swift; sourceTree = "<group>"; };
		CC262AAD2C2D84F38F692A7A /* ImportSource.swift */ = {isa = PBXFileReference; lastKnownFileType = sourcecode.swift; path = ImportSource.swift; sourceTree = "<group>"; };
		CE153F85137A2023D9E1A57B /* SwiftDataEventRepository.swift */ = {isa = PBXFileReference; lastKnownFileType = sourcecode.swift; path = SwiftDataEventRepository.swift; sourceTree = "<group>"; };
		CF6156A25585B758EA3C71B1 /* DayDetailView.swift */ = {isa = PBXFileReference; lastKnownFileType = sourcecode.swift; path = DayDetailView.swift; sourceTree = "<group>"; };
		D2A4A6D16469A4E399934511 /* WidgetSupport.swift */ = {isa = PBXFileReference; lastKnownFileType = sourcecode.swift; path = WidgetSupport.swift; sourceTree = "<group>"; };
		D506BFDB5D4E6C2C4B100221 /* InMemoryEventRepository.swift */ = {isa = PBXFileReference; lastKnownFileType = sourcecode.swift; path = InMemoryEventRepository.swift; sourceTree = "<group>"; };
		D603BB1E8EA2FB44599AC42A /* SwiftDataRepositoryLogger.swift */ = {isa = PBXFileReference; lastKnownFileType = sourcecode.swift; path = SwiftDataRepositoryLogger.swift; sourceTree = "<group>"; };
		D7EB68E188CDED73B8AE135E /* HolidayRecommendedSource.swift */ = {isa = PBXFileReference; lastKnownFileType = sourcecode.swift; path = HolidayRecommendedSource.swift; sourceTree = "<group>"; };
		D910A4E18FE4C880A554FDF1 /* TabBarVisibilityState.swift */ = {isa = PBXFileReference; lastKnownFileType = sourcecode.swift; path = TabBarVisibilityState.swift; sourceTree = "<group>"; };
		D916BD562FD27692278BE08C /* SettingsView.swift */ = {isa = PBXFileReference; lastKnownFileType = sourcecode.swift; path = SettingsView.swift; sourceTree = "<group>"; };
		DA46B364BC330AA96ECC935C /* AppNotifications.swift */ = {isa = PBXFileReference; lastKnownFileType = sourcecode.swift; path = AppNotifications.swift; sourceTree = "<group>"; };
		DC65350465702DE0C940C60B /* LocalizedText.swift */ = {isa = PBXFileReference; lastKnownFileType = sourcecode.swift; path = LocalizedText.swift; sourceTree = "<group>"; };
		DD60AC012AFD4FB0D80E74A4 /* TuistStrings+TimeNest.swift */ = {isa = PBXFileReference; lastKnownFileType = sourcecode.swift; path = "TuistStrings+TimeNest.swift"; sourceTree = "<group>"; };
		DF5DA116854EE5B6E0F28A5A /* TuistBundle+TimeNest.swift */ = {isa = PBXFileReference; lastKnownFileType = sourcecode.swift; path = "TuistBundle+TimeNest.swift"; sourceTree = "<group>"; };
		E1785C977E3904B8C0105619 /* TimeNestFileEncoder.swift */ = {isa = PBXFileReference; lastKnownFileType = sourcecode.swift; path = TimeNestFileEncoder.swift; sourceTree = "<group>"; };
		E2513065C4258C1A299CC35D /* HolidaySubscriptionManager.swift */ = {isa = PBXFileReference; lastKnownFileType = sourcecode.swift; path = HolidaySubscriptionManager.swift; sourceTree = "<group>"; };
		E2F78125BB977C2726B0497C /* zh-Hans */ = {isa = PBXFileReference; lastKnownFileType = text.plist.strings; name = "zh-Hans"; path = "zh-Hans.lproj/InfoPlist.strings"; sourceTree = "<group>"; };
		E799759E69C33C7F7D00BA68 /* BundleHolidayProvider.swift */ = {isa = PBXFileReference; lastKnownFileType = sourcecode.swift; path = BundleHolidayProvider.swift; sourceTree = "<group>"; };
		E81E35DBECA1EFA239E2481A /* WorkStatisticsView.swift */ = {isa = PBXFileReference; lastKnownFileType = sourcecode.swift; path = WorkStatisticsView.swift; sourceTree = "<group>"; };
		E91E182838B9F670B43F27CC /* CalendarDisplaySetting.swift */ = {isa = PBXFileReference; lastKnownFileType = sourcecode.swift; path = CalendarDisplaySetting.swift; sourceTree = "<group>"; };
		EA3288F1504F024B480E447D /* WidgetCalendarViews.swift */ = {isa = PBXFileReference; lastKnownFileType = sourcecode.swift; path = WidgetCalendarViews.swift; sourceTree = "<group>"; };
		ED8309FCB6026E42D4C09FFE /* TuistBundle+TimeNestWidgetExtension.swift */ = {isa = PBXFileReference; lastKnownFileType = sourcecode.swift; path = "TuistBundle+TimeNestWidgetExtension.swift"; sourceTree = "<group>"; };
		EDC46903BA04958949B7C48B /* EventEditorDateNormalizer.swift */ = {isa = PBXFileReference; lastKnownFileType = sourcecode.swift; path = EventEditorDateNormalizer.swift; sourceTree = "<group>"; };
		EFCF5B32C23FA036EF957A1F /* CalendarAdBannerContainer.swift */ = {isa = PBXFileReference; lastKnownFileType = sourcecode.swift; path = CalendarAdBannerContainer.swift; sourceTree = "<group>"; };
		F1A1D94F5C0EC12D7D24238E /* WidgetSnapshotBuilder.swift */ = {isa = PBXFileReference; lastKnownFileType = sourcecode.swift; path = WidgetSnapshotBuilder.swift; sourceTree = "<group>"; };
		F1B26128BDCDE6FD0907625F /* SwiftDataReminderEntity.swift */ = {isa = PBXFileReference; lastKnownFileType = sourcecode.swift; path = SwiftDataReminderEntity.swift; sourceTree = "<group>"; };
		F3F835D134D55777A57BA9A8 /* EventEditorView.swift */ = {isa = PBXFileReference; lastKnownFileType = sourcecode.swift; path = EventEditorView.swift; sourceTree = "<group>"; };
		F413AFD59DC28FA0E75BAFD7 /* CalendarViewMode.swift */ = {isa = PBXFileReference; lastKnownFileType = sourcecode.swift; path = CalendarViewMode.swift; sourceTree = "<group>"; };
		F8E29A5142D201F4716BE83A /* WidgetSnapshotCoordinator.swift */ = {isa = PBXFileReference; lastKnownFileType = sourcecode.swift; path = WidgetSnapshotCoordinator.swift; sourceTree = "<group>"; };
		F91FD96863142DA3FDD3A281 /* ICSDownloadService.swift */ = {isa = PBXFileReference; lastKnownFileType = sourcecode.swift; path = ICSDownloadService.swift; sourceTree = "<group>"; };
		FBCEC70F2B3E77FD47089A18 /* ReminderStatus.swift */ = {isa = PBXFileReference; lastKnownFileType = sourcecode.swift; path = ReminderStatus.swift; sourceTree = "<group>"; };
		FCCB9B14D63BBB681C058FEA /* CalendarHeaderView.swift */ = {isa = PBXFileReference; lastKnownFileType = sourcecode.swift; path = CalendarHeaderView.swift; sourceTree = "<group>"; };
		FD1AB696AB99496E6CA73548 /* AdMobBannerView.swift */ = {isa = PBXFileReference; lastKnownFileType = sourcecode.swift; path = AdMobBannerView.swift; sourceTree = "<group>"; };
		FDC36B599AA82939C34B993F /* zh-Hant */ = {isa = PBXFileReference; lastKnownFileType = text.plist.strings; name = "zh-Hant"; path = "zh-Hant.lproj/Localizable.strings"; sourceTree = "<group>"; };
		FF57316C5D15E12E25C46D3D /* InMemoryReminderRepository.swift */ = {isa = PBXFileReference; lastKnownFileType = sourcecode.swift; path = InMemoryReminderRepository.swift; sourceTree = "<group>"; };
/* End PBXFileReference section */

/* Begin PBXFrameworksBuildPhase section */
		072C0C9DC6D138FCDF927A16 /* Frameworks */ = {
			isa = PBXFrameworksBuildPhase;
			buildActionMask = 2147483647;
			files = (
			);
			runOnlyForDeploymentPostprocessing = 0;
		};
		0ED5EA21C9C77EEE3B298D0D /* Frameworks */ = {
			isa = PBXFrameworksBuildPhase;
			buildActionMask = 2147483647;
			files = (
				B9F6D9D8321632E8582A22F0 /* GoogleMobileAds in Frameworks */,
			);
			runOnlyForDeploymentPostprocessing = 0;
		};
		A135D58E01550A74D1667A17 /* Frameworks */ = {
			isa = PBXFrameworksBuildPhase;
			buildActionMask = 2147483647;
			files = (
			);
			runOnlyForDeploymentPostprocessing = 0;
		};
/* End PBXFrameworksBuildPhase section */

/* Begin PBXGroup section */
		0603B6D65CD6CE953868EB76 /* Tests */ = {
			isa = PBXGroup;
			children = (
				F6BD5D04B1BB0D3C97747325 /* TimeNestTests */,
			);
			path = Tests;
			sourceTree = "<group>";
		};
		0897F6B18A664E9ADDB00960 /* Ads */ = {
			isa = PBXGroup;
			children = (
				070695F34210CC1A2873BC3D /* AdConfiguration.swift */,
			);
			path = Ads;
			sourceTree = "<group>";
		};
		17DA94F6675D2CAC4F2F239A /* App */ = {
			isa = PBXGroup;
			children = (
				23C741E9AFC95D68570F8BF9 /* ContentView.swift */,
				698213AABC972D7419FB4E0E /* TimeNestApp.swift */,
			);
			path = App;
			sourceTree = "<group>";
		};
		181F6978D94F02669F77D60C /* Ads */ = {
			isa = PBXGroup;
			children = (
				FD1AB696AB99496E6CA73548 /* AdMobBannerView.swift */,
				EFCF5B32C23FA036EF957A1F /* CalendarAdBannerContainer.swift */,
			);
			path = Ads;
			sourceTree = "<group>";
		};
		1DCAEA7809845303530375D8 /* DayDetail */ = {
			isa = PBXGroup;
			children = (
				CF6156A25585B758EA3C71B1 /* DayDetailView.swift */,
			);
			path = DayDetail;
			sourceTree = "<group>";
		};
		1F738E0D0F7CAD890D379F69 /* TimeNestWidgetExtension */ = {
			isa = PBXGroup;
			children = (
				AADEB881A3BE94A11F27A1BF /* AccessoryWidget.swift */,
				0191EA6B06EB4CEF98AD452D /* HomeScreenWidgets.swift */,
				8FBC4D499458C56E0E57EEFB /* TimeNestWidgetBundle.swift */,
				EA3288F1504F024B480E447D /* WidgetCalendarViews.swift */,
				D2A4A6D16469A4E399934511 /* WidgetSupport.swift */,
			);
			path = TimeNestWidgetExtension;
			sourceTree = "<group>";
		};
		20F12996337E103E1B4559B7 /* EventEditor */ = {
			isa = PBXGroup;
			children = (
				EDC46903BA04958949B7C48B /* EventEditorDateNormalizer.swift */,
				F3F835D134D55777A57BA9A8 /* EventEditorView.swift */,
			);
			path = EventEditor;
			sourceTree = "<group>";
		};
		2EF9F567FF69333F46FFC074 /* TimeNest */ = {
			isa = PBXGroup;
			children = (
				17DA94F6675D2CAC4F2F239A /* App */,
				DC3FA35B924B51799FBC9435 /* Application */,
				BB28FF1C19E680FBCC39480F /* Domain */,
				8CE1CC4424F75F2701DB20A1 /* Infrastructure */,
				B315190FBDEB1BA55157BB60 /* Presentation */,
				8C55B52376103616BEE60B06 /* Resources */,
				36DB8E74105768A643D1CF83 /* Shared */,
				68EE4CC06CB1727FBB90F994 /* Info.plist */,
				572E3EA9D52F0C5443BFA9B7 /* PrivacyInfo.xcprivacy */,
			);
			path = TimeNest;
			sourceTree = "<group>";
		};
		32E9D1C2465958D8BD989F67 /* Calendar */ = {
			isa = PBXGroup;
			children = (
				1DE6F685787AEAD48B0CD9C0 /* CalendarBottomToolbarView.swift */,
				FCCB9B14D63BBB681C058FEA /* CalendarHeaderView.swift */,
				B2B79C74CDC902B76AD477B0 /* CalendarStyles.swift */,
				F413AFD59DC28FA0E75BAFD7 /* CalendarViewMode.swift */,
				7F0E80203EF1356D852C7E9F /* DayCalendarView.swift */,
				255F8DF37315D59AA95EB8C6 /* MonthCalendarView.swift */,
				8766BACE67A7E6BF321F82A9 /* MonthCalendarViewModel.swift */,
				7B40494292AA8D28240524F2 /* WeekCalendarView.swift */,
				B88C62841639AC38F232A51D /* WeekdayHeaderView.swift */,
				36FD11D57EE56D99975E5266 /* YearMonthPickerView.swift */,
			);
			path = Calendar;
			sourceTree = "<group>";
		};
		33034BA040FEC8DD72350E7D /* Localization */ = {
			isa = PBXGroup;
			children = (
				64D3E6933979EFF7091C4719 /* Localizable.swift */,
				C109F88ABA8B7460D5381E89 /* LocalizationManager.swift */,
			);
			path = Localization;
			sourceTree = "<group>";
		};
		36DB8E74105768A643D1CF83 /* Shared */ = {
			isa = PBXGroup;
			children = (
				7F3883F01FA8A7627F33586D /* Date */,
				EB12D3D83B148416821FD80C /* Error */,
				33034BA040FEC8DD72350E7D /* Localization */,
				96C9C63D4EEFD4EB8D613711 /* Notifications */,
				486136706A7C49A1546438DD /* Styles */,
				7699BF1EDC035B4917C2E814 /* Widgets */,
				D910A4E18FE4C880A554FDF1 /* TabBarVisibilityState.swift */,
			);
			path = Shared;
			sourceTree = "<group>";
		};
		3E07FB5761A2775BE17A7FF3 = {
			isa = PBXGroup;
			children = (
				BE8799076891908CE115F40E /* Products */,
				47F5CECDFF309E6A73792EA2 /* Project */,
			);
			sourceTree = "<group>";
		};
		3E59B36EC552FDCDE3FF823C /* Derived */ = {
			isa = PBXGroup;
			children = (
				5976D0D42CBF9972A0EA77EE /* InfoPlists */,
				5BF7C489061F859AB8E32AEC /* Sources */,
			);
			path = Derived;
			sourceTree = "<group>";
		};
		405A96980A6E8DC8357301D6 /* UseCases */ = {
			isa = PBXGroup;
			children = (
				523DBD26D2047F7710E61B9F /* CalendarDisplayUseCase.swift */,
				147592319C4EF3130F3B90D0 /* CalendarLocalizationUseCase.swift */,
				4589C00AEF24CE62BB657401 /* EventUseCase.swift */,
				9AD8EA6A72E89D0CF8F82BDA /* HolidayUseCase.swift */,
				A9DAAC92C759FA388396D515 /* ReminderUseCase.swift */,
				11B471485AB6829F00A33BC2 /* TimeNestFileExportUseCase.swift */,
				B39DBADCC8DFAC83240E7052 /* TimeNestFileImportUseCase.swift */,
			);
			path = UseCases;
			sourceTree = "<group>";
		};
		47F5CECDFF309E6A73792EA2 /* Project */ = {
			isa = PBXGroup;
			children = (
				3E59B36EC552FDCDE3FF823C /* Derived */,
				0603B6D65CD6CE953868EB76 /* Tests */,
				2EF9F567FF69333F46FFC074 /* TimeNest */,
				1F738E0D0F7CAD890D379F69 /* TimeNestWidgetExtension */,
			);
			name = Project;
			sourceTree = "<group>";
		};
		486136706A7C49A1546438DD /* Styles */ = {
			isa = PBXGroup;
			children = (
				86D32FB2CE7ACD239BD9C9FC /* TimeNestTheme.swift */,
			);
			path = Styles;
			sourceTree = "<group>";
		};
		5976D0D42CBF9972A0EA77EE /* InfoPlists */ = {
			isa = PBXGroup;
			children = (
				BDFA6A3E0D35F63848D80E52 /* TimeNestTests-Info.plist */,
				6963FA366BAEA21BAA85D4A3 /* TimeNestWidgetExtension-Info.plist */,
			);
			path = InfoPlists;
			sourceTree = "<group>";
		};
		5BF7C489061F859AB8E32AEC /* Sources */ = {
			isa = PBXGroup;
			children = (
				A60AFC0A83160C9B254218D3 /* TuistAssets+TimeNest.swift */,
				DF5DA116854EE5B6E0F28A5A /* TuistBundle+TimeNest.swift */,
				ED8309FCB6026E42D4C09FFE /* TuistBundle+TimeNestWidgetExtension.swift */,
				DD60AC012AFD4FB0D80E74A4 /* TuistStrings+TimeNest.swift */,
				628806BD83D5701C69BE9FE7 /* TuistStrings+TimeNestWidgetExtension.swift */,
			);
			path = Sources;
			sourceTree = "<group>";
		};
		74D61C23985F3E88A65D4E5B /* DTO */ = {
			isa = PBXGroup;
			children = (
				05993F01B0DB122B6BA1A789 /* MonthGrid.swift */,
			);
			path = DTO;
			sourceTree = "<group>";
		};
		764B2BD045F0871D8346797B /* Rules */ = {
			isa = PBXGroup;
			children = (
				04A35D8C4C8E7C99F7504CF8 /* DisplayLanguage.swift */,
				54397E24A5C183E8B958D162 /* HolidayRegion.swift */,
				A49D6CD7EBA48907AD28AE6B /* HolidayType.swift */,
				C1546D58C384E44B67DD07CB /* ImportSourceType.swift */,
				97E3A9728F3DA57418BB27CD /* RecurrenceRule.swift */,
				FBCEC70F2B3E77FD47089A18 /* ReminderStatus.swift */,
				2EC25C8B962498EDDACE984E /* WeekStartPolicy.swift */,
			);
			path = Rules;
			sourceTree = "<group>";
		};
		7699BF1EDC035B4917C2E814 /* Widgets */ = {
			isa = PBXGroup;
			children = (
				33B507588B23C039BC6ACD89 /* WidgetSnapshot.swift */,
			);
			path = Widgets;
			sourceTree = "<group>";
		};
		7F3883F01FA8A7627F33586D /* Date */ = {
			isa = PBXGroup;
			children = (
				CA2228372C167FC36E85066E /* DateOnly.swift */,
			);
			path = Date;
			sourceTree = "<group>";
		};
		8C55B52376103616BEE60B06 /* Resources */ = {
			isa = PBXGroup;
			children = (
				1932E070BAE2E6B701259C8D /* InfoPlist.strings */,
				9C782E37B736D8E03823F101 /* Localizable.strings */,
				061140EC91CE348A8FB6AFC5 /* Assets.xcassets */,
			);
			path = Resources;
			sourceTree = "<group>";
		};
		8CE1CC4424F75F2701DB20A1 /* Infrastructure */ = {
			isa = PBXGroup;
			children = (
				0897F6B18A664E9ADDB00960 /* Ads */,
				DAD622EBDD33A503CDAA537E /* FileSharing */,
				B35F5DD8A22639E15A98CBED /* Persistence */,
				E799759E69C33C7F7D00BA68 /* BundleHolidayProvider.swift */,
				56173AE8F9BFC1AD236F1583 /* EventRepository.swift */,
				9C98100FA71A91F736E6AF2A /* ExternalCalendarImporting.swift */,
				2D5F74197DEF56FB12A7CBCE /* HolidayEventCacheRepository.swift */,
				74DD9EB269476F6F4BF47DEB /* HolidayProviding.swift */,
				F91FD96863142DA3FDD3A281 /* ICSDownloadService.swift */,
				0063E05B7A32EFB216D87281 /* ICSParsingService.swift */,
				D506BFDB5D4E6C2C4B100221 /* InMemoryEventRepository.swift */,
				FF57316C5D15E12E25C46D3D /* InMemoryReminderRepository.swift */,
				80CB77277B26A74D98EF25C3 /* MockReminderScheduler.swift */,
				6EC1E527E978E1282C8B12DD /* MockWeatherProvider.swift */,
				929ABE66D20FB8733BAE61C3 /* ReminderRepository.swift */,
				3189AE518B84EB9C17417160 /* ReminderScheduling.swift */,
				93533B240DB94378B39CB486 /* WeatherProviding.swift */,
			);
			path = Infrastructure;
			sourceTree = "<group>";
		};
		96C9C63D4EEFD4EB8D613711 /* Notifications */ = {
			isa = PBXGroup;
			children = (
				DA46B364BC330AA96ECC935C /* AppNotifications.swift */,
			);
			path = Notifications;
			sourceTree = "<group>";
		};
		B0C99EF5458E1DA9A8BD0211 /* Widgets */ = {
			isa = PBXGroup;
			children = (
				F1A1D94F5C0EC12D7D24238E /* WidgetSnapshotBuilder.swift */,
				F8E29A5142D201F4716BE83A /* WidgetSnapshotCoordinator.swift */,
			);
			path = Widgets;
			sourceTree = "<group>";
		};
		B315190FBDEB1BA55157BB60 /* Presentation */ = {
			isa = PBXGroup;
			children = (
				181F6978D94F02669F77D60C /* Ads */,
				32E9D1C2465958D8BD989F67 /* Calendar */,
				1DCAEA7809845303530375D8 /* DayDetail */,
				20F12996337E103E1B4559B7 /* EventEditor */,
				F0414343EB0518AE8279D52C /* Settings */,
				D1C5526DFDDA9CC8C751FF36 /* Statistics */,
			);
			path = Presentation;
			sourceTree = "<group>";
		};
		B35F5DD8A22639E15A98CBED /* Persistence */ = {
			isa = PBXGroup;
			children = (
				2ABF7A719DD2B715D9199174 /* SwiftDataCalendarEventEntity.swift */,
				A928DCCA18FF0F3B04CAC4CD /* SwiftDataEventMapper.swift */,
				CE153F85137A2023D9E1A57B /* SwiftDataEventRepository.swift */,
				F1B26128BDCDE6FD0907625F /* SwiftDataReminderEntity.swift */,
				93A6B84A5B4D2D14C5C53257 /* SwiftDataReminderMapper.swift */,
				AC96A0CD153A10F5FE8D984C /* SwiftDataReminderRepository.swift */,
				D603BB1E8EA2FB44599AC42A /* SwiftDataRepositoryLogger.swift */,
			);
			path = Persistence;
			sourceTree = "<group>";
		};
		BB28FF1C19E680FBCC39480F /* Domain */ = {
			isa = PBXGroup;
			children = (
				C33DE572C89BC74949C55F37 /* Models */,
				764B2BD045F0871D8346797B /* Rules */,
			);
			path = Domain;
			sourceTree = "<group>";
		};
		BE8799076891908CE115F40E /* Products */ = {
			isa = PBXGroup;
			children = (
				7C1DD313D8600C2F558390F4 /* TimeNest.app */,
				439F0F42610DAABCB1A9BEF8 /* TimeNestTests.xctest */,
				40CE646EF687AB7A7AA103A5 /* TimeNestWidgetExtension.appex */,
			);
			name = Products;
			sourceTree = "<group>";
		};
		C33DE572C89BC74949C55F37 /* Models */ = {
			isa = PBXGroup;
			children = (
				E91E182838B9F670B43F27CC /* CalendarDisplaySetting.swift */,
				3812DA86CFA7341C6005EADC /* CalendarEvent.swift */,
				BBEF5120F75D73162FE7EDC5 /* EventCategory.swift */,
				7C13D7D01D8B0BE74AB549A4 /* EventOccurrence.swift */,
				3671B3DFE68C094CACAAE047 /* Holiday.swift */,
				7ECE250FA345A1F3AD59B44C /* HolidayEvent.swift */,
				D7EB68E188CDED73B8AE135E /* HolidayRecommendedSource.swift */,
				AA8102DC9C2AED69BA14461F /* HolidaySubscription.swift */,
				CC262AAD2C2D84F38F692A7A /* ImportSource.swift */,
				DC65350465702DE0C940C60B /* LocalizedText.swift */,
				2112727B74951811FF87468E /* ReminderStep.swift */,
				6BFFD56050E1512F5607B0CE /* ReminderTemplate.swift */,
				055E266712ABAAFF393EB476 /* ScheduledReminder.swift */,
				3A8514C6F62461A52F6C7551 /* ShiftTimeTemplateID.swift */,
				375A1C42A512ADA3DFDB2AC4 /* TimeNestExportFile.swift */,
			);
			path = Models;
			sourceTree = "<group>";
		};
		D1C5526DFDDA9CC8C751FF36 /* Statistics */ = {
			isa = PBXGroup;
			children = (
				E81E35DBECA1EFA239E2481A /* WorkStatisticsView.swift */,
				906DCCE7EA6A1C66D6D3B2E0 /* WorkStatisticsViewModel.swift */,
			);
			path = Statistics;
			sourceTree = "<group>";
		};
		DAD622EBDD33A503CDAA537E /* FileSharing */ = {
			isa = PBXGroup;
			children = (
				A2F5D1815A1BCF29537E68C4 /* TimeNestFileDecoder.swift */,
				E1785C977E3904B8C0105619 /* TimeNestFileEncoder.swift */,
			);
			path = FileSharing;
			sourceTree = "<group>";
		};
		DC3FA35B924B51799FBC9435 /* Application */ = {
			isa = PBXGroup;
			children = (
				74D61C23985F3E88A65D4E5B /* DTO */,
				405A96980A6E8DC8357301D6 /* UseCases */,
				B0C99EF5458E1DA9A8BD0211 /* Widgets */,
				2402FC9F05631D686365D6EE /* HolidayNameLocalizer.swift */,
				E2513065C4258C1A299CC35D /* HolidaySubscriptionManager.swift */,
			);
			path = Application;
			sourceTree = "<group>";
		};
		EB12D3D83B148416821FD80C /* Error */ = {
			isa = PBXGroup;
			children = (
				2DA9614B509A6481D7AEF1CD /* AppError.swift */,
			);
			path = Error;
			sourceTree = "<group>";
		};
		F0414343EB0518AE8279D52C /* Settings */ = {
			isa = PBXGroup;
			children = (
				59A18716AECA636B75D5EA18 /* HelpView.swift */,
				8F719FA6BB1CF0D06E842DAA /* HolidaySourceSettingsView.swift */,
				5EE6E4F10655EAE53BA61ADD /* HolidaySubscriptionSettingsView.swift */,
				D916BD562FD27692278BE08C /* SettingsView.swift */,
				1C0CAEAD6BBF5761066588BD /* TimeNestFileSharingView.swift */,
			);
			path = Settings;
			sourceTree = "<group>";
		};
		F6BD5D04B1BB0D3C97747325 /* TimeNestTests */ = {
			isa = PBXGroup;
			children = (
				101850E428C0348BB00EF4D7 /* HolidayNameLocalizerTests.swift */,
				5F13F5A7D39130718BFA3D8C /* ICSParseServiceTests.swift */,
				699CA3294F4766305E8F0475 /* SettingsAndStatisticsLogicTests.swift */,
			);
			path = TimeNestTests;
			sourceTree = "<group>";
		};
/* End PBXGroup section */

/* Begin PBXNativeTarget section */
		2225269E6F32DE4DDE7D53EC /* TimeNest */ = {
			isa = PBXNativeTarget;
			buildConfigurationList = DA4619F14F2739EC8403D233 /* Build configuration list for PBXNativeTarget "TimeNest" */;
			buildPhases = (
				7F93116949A163A3034A49F3 /* Validate Release AdMob Configuration */,
				EC46D8C8D467866AC40EB52B /* Sources */,
				0DABFEB3E5E667218B46D59B /* Resources */,
				33ED2341F6826CD2336E5478 /* Embed Foundation Extensions */,
				0ED5EA21C9C77EEE3B298D0D /* Frameworks */,
				508A0DA81798421314FE581F /* Embed Frameworks */,
			);
			buildRules = (
			);
			dependencies = (
				B2D2FCE2260B883D1DA1657A /* PBXTargetDependency */,
			);
			name = TimeNest;
			packageProductDependencies = (
				06F99D159398DDDBEFDB454B /* GoogleMobileAds */,
			);
			productName = TimeNest;
			productReference = 7C1DD313D8600C2F558390F4 /* TimeNest.app */;
			productType = "com.apple.product-type.application";
		};
		6D6670E3FD1E0F27727D23A9 /* TimeNestTests */ = {
			isa = PBXNativeTarget;
			buildConfigurationList = 45A8629EDF2B751356C8B129 /* Build configuration list for PBXNativeTarget "TimeNestTests" */;
			buildPhases = (
				9359E37251722921FCA97B86 /* Sources */,
				79652117B02A814C7416E210 /* Resources */,
				A135D58E01550A74D1667A17 /* Frameworks */,
				3254E66F182087A499CBBEF7 /* Embed Frameworks */,
			);
			buildRules = (
			);
			dependencies = (
				87008AA570AC5D1F79FB0C13 /* PBXTargetDependency */,
			);
			name = TimeNestTests;
			packageProductDependencies = (
			);
			productName = TimeNestTests;
			productReference = 439F0F42610DAABCB1A9BEF8 /* TimeNestTests.xctest */;
			productType = "com.apple.product-type.bundle.unit-test";
		};
		F417ACF56F3AD1754A4D494A /* TimeNestWidgetExtension */ = {
			isa = PBXNativeTarget;
			buildConfigurationList = 7013C236F845B2198553FADC /* Build configuration list for PBXNativeTarget "TimeNestWidgetExtension" */;
			buildPhases = (
				87017F18F3241A3FDEEA1ABE /* Sources */,
				350EBBA9838C7E11EA781445 /* Resources */,
				072C0C9DC6D138FCDF927A16 /* Frameworks */,
				54C4050F4AA7B519D75E5530 /* Embed Frameworks */,
			);
			buildRules = (
			);
			dependencies = (
			);
			name = TimeNestWidgetExtension;
			packageProductDependencies = (
			);
			productName = TimeNestWidgetExtension;
			productReference = 40CE646EF687AB7A7AA103A5 /* TimeNestWidgetExtension.appex */;
			productType = "com.apple.product-type.app-extension";
		};
/* End PBXNativeTarget section */

/* Begin PBXProject section */
		6A6959C8840239CBDDE58058 /* Project object */ = {
			isa = PBXProject;
			attributes = {
				BuildIndependentTargetsInParallel = YES;
				TargetAttributes = {
					6D6670E3FD1E0F27727D23A9 = {
						TestTargetID = 2225269E6F32DE4DDE7D53EC;
					};
				};
			};
			buildConfigurationList = DBFA16F0102D09E51528942D /* Build configuration list for PBXProject "TimeNest" */;
			compatibilityVersion = "Xcode 14.0";
			developmentRegion = en;
			hasScannedForEncodings = 0;
			knownRegions = (
				Base,
				en,
				ja,
				ko,
				"zh-Hans",
				"zh-Hant",
			);
			mainGroup = 3E07FB5761A2775BE17A7FF3;
			packageReferences = (
				6A1B88294BEF26A643F88D1C /* XCRemoteSwiftPackageReference "swift-package-manager-google-mobile-ads" */,
			);
			productRefGroup = BE8799076891908CE115F40E /* Products */;
			projectDirPath = "";
			projectRoot = "";
			targets = (
				2225269E6F32DE4DDE7D53EC /* TimeNest */,
				6D6670E3FD1E0F27727D23A9 /* TimeNestTests */,
				F417ACF56F3AD1754A4D494A /* TimeNestWidgetExtension */,
			);
		};
/* End PBXProject section */

/* Begin PBXResourcesBuildPhase section */
		0DABFEB3E5E667218B46D59B /* Resources */ = {
			isa = PBXResourcesBuildPhase;
			buildActionMask = 2147483647;
			files = (
				B2F4B58C1DD420D2B5C5911D /* PrivacyInfo.xcprivacy in Resources */,
				BF653EA7371BF409E4C7EDEF /* Assets.xcassets in Resources */,
				A3792216AB0BDD08E37C1C2F /* InfoPlist.strings in Resources */,
				2A29C0D5BAF560D733D461B1 /* Localizable.strings in Resources */,
			);
			runOnlyForDeploymentPostprocessing = 0;
		};
		350EBBA9838C7E11EA781445 /* Resources */ = {
			isa = PBXResourcesBuildPhase;
			buildActionMask = 2147483647;
			files = (
				0EEE023B94F25784F943D445 /* Localizable.strings in Resources */,
			);
			runOnlyForDeploymentPostprocessing = 0;
		};
		79652117B02A814C7416E210 /* Resources */ = {
			isa = PBXResourcesBuildPhase;
			buildActionMask = 2147483647;
			files = (
			);
			runOnlyForDeploymentPostprocessing = 0;
		};
/* End PBXResourcesBuildPhase section */

/* Begin PBXShellScriptBuildPhase section */
		7F93116949A163A3034A49F3 /* Validate Release AdMob Configuration */ = {
			isa = PBXShellScriptBuildPhase;
			alwaysOutOfDate = 1;
			buildActionMask = 2147483647;
			files = (
			);
			inputFileListPaths = (
			);
			inputPaths = (
			);
			name = "Validate Release AdMob Configuration";
			outputFileListPaths = (
			);
			outputPaths = (
			);
			runOnlyForDeploymentPostprocessing = 0;
			shellPath = /bin/sh;
			shellScript = "sh \"$SRCROOT/Scripts/validate_admob_release_config.sh\"";
		};
/* End PBXShellScriptBuildPhase section */

/* Begin PBXSourcesBuildPhase section */
		87017F18F3241A3FDEEA1ABE /* Sources */ = {
			isa = PBXSourcesBuildPhase;
			buildActionMask = 2147483647;
			files = (
				9C687E0D84D265BB1056ED95 /* TuistBundle+TimeNestWidgetExtension.swift in Sources */,
				FB7C124BB79025D299359E52 /* TuistStrings+TimeNestWidgetExtension.swift in Sources */,
				A5F24E570669D62C4A0C27A4 /* WidgetSnapshot.swift in Sources */,
				7869551F6DCD515B8617170A /* AccessoryWidget.swift in Sources */,
				64FA72591EAFF7BF368196FA /* HomeScreenWidgets.swift in Sources */,
				8B96334632016F40F284BED4 /* TimeNestWidgetBundle.swift in Sources */,
				1342A02BE9526AF41256D83B /* WidgetCalendarViews.swift in Sources */,
				1C361F9D6B021DF0E9677D5C /* WidgetSupport.swift in Sources */,
			);
			runOnlyForDeploymentPostprocessing = 0;
		};
		9359E37251722921FCA97B86 /* Sources */ = {
			isa = PBXSourcesBuildPhase;
			buildActionMask = 2147483647;
			files = (
				030693C09B9F4289D5D6BA8B /* HolidayNameLocalizerTests.swift in Sources */,
				7D94668215024A4C620771B9 /* ICSParseServiceTests.swift in Sources */,
				E0195D25135AD75438254F40 /* SettingsAndStatisticsLogicTests.swift in Sources */,
			);
			runOnlyForDeploymentPostprocessing = 0;
		};
		EC46D8C8D467866AC40EB52B /* Sources */ = {
			isa = PBXSourcesBuildPhase;
			buildActionMask = 2147483647;
			files = (
				7671D365849B6A4C88FEB783 /* TuistAssets+TimeNest.swift in Sources */,
				9C99DD8100D2974E11B65A0C /* TuistBundle+TimeNest.swift in Sources */,
				EACD70DA0475843CFE1EFC26 /* TuistStrings+TimeNest.swift in Sources */,
				AA041746F2F4582BE0B36431 /* ContentView.swift in Sources */,
				3C0DBB33175D0EDD6186D401 /* TimeNestApp.swift in Sources */,
				0EAF58A8D6409270C82840F5 /* MonthGrid.swift in Sources */,
				1D387706340E1269D7657A49 /* HolidayNameLocalizer.swift in Sources */,
				D6D05BDFEEB0E05B58DA6388 /* HolidaySubscriptionManager.swift in Sources */,
				AFD5AB6646F8B79541912863 /* CalendarDisplayUseCase.swift in Sources */,
				48D249C0BB2A2BC62E43E911 /* CalendarLocalizationUseCase.swift in Sources */,
				45B12C334F4B056C44795125 /* EventUseCase.swift in Sources */,
				9EFD24FE873FB4B2B51AE3BF /* HolidayUseCase.swift in Sources */,
				3885194124E81A81E3EA5AEB /* ReminderUseCase.swift in Sources */,
				1396A511CBE3C0AFAA03AE77 /* TimeNestFileExportUseCase.swift in Sources */,
				B8B80BF31BF9FE8D09334BE6 /* TimeNestFileImportUseCase.swift in Sources */,
				0DF651EDB06F4BB5FA9469CF /* WidgetSnapshotBuilder.swift in Sources */,
				2F6DE0F23840DF36BEBFD5CD /* WidgetSnapshotCoordinator.swift in Sources */,
				D0F5D81DF85370C1F6EAFEA7 /* CalendarDisplaySetting.swift in Sources */,
				7DCAA106627C03514833909F /* CalendarEvent.swift in Sources */,
				9744DD22F8C49D8F31C0468B /* EventCategory.swift in Sources */,
				DE6CB8DC70D489E1A1C12957 /* EventOccurrence.swift in Sources */,
				4C05ECED3CEC78063A9E5FE9 /* Holiday.swift in Sources */,
				5BD2F1565017648D6287192E /* HolidayEvent.swift in Sources */,
				054172C57AFFEE2FE3920BDC /* HolidayRecommendedSource.swift in Sources */,
				ACA3D108F580596D59013108 /* HolidaySubscription.swift in Sources */,
				A9E11E45B8FBC59C96450959 /* ImportSource.swift in Sources */,
				139044859F314F13B3A6CF8D /* LocalizedText.swift in Sources */,
				ED55F5AA8BA20313B0D4A40D /* ReminderStep.swift in Sources */,
				17FAC0999A8B042A0368B9F5 /* ReminderTemplate.swift in Sources */,
				4E729E45EFFDA0295EB03AB3 /* ScheduledReminder.swift in Sources */,
				F070011046E45E3F7915ACCD /* ShiftTimeTemplateID.swift in Sources */,
				611A9F431992D5584569D5CA /* TimeNestExportFile.swift in Sources */,
				8934D5604F0DD4000DF22C05 /* DisplayLanguage.swift in Sources */,
				AB1F7307661E76B84A1C8B7A /* HolidayRegion.swift in Sources */,
				7D2A69B2C63C1D5EB259EBB7 /* HolidayType.swift in Sources */,
				72EED81598A18C89AFD5A773 /* ImportSourceType.swift in Sources */,
				0577A149497FC5B4732CFA3A /* RecurrenceRule.swift in Sources */,
				919184DD18DDEC84143DE922 /* ReminderStatus.swift in Sources */,
				778EE6232DFEB476EB517FF5 /* WeekStartPolicy.swift in Sources */,
				72288144E285C2E8CDE0497F /* AdConfiguration.swift in Sources */,
				0697AC19C6BDFFAFFF94B278 /* BundleHolidayProvider.swift in Sources */,
				71AE462561F299D3BE23BF2E /* EventRepository.swift in Sources */,
				13E79476E0BB4CF697FB635B /* ExternalCalendarImporting.swift in Sources */,
				0ABAEEE72B8CEB22FB3CE3AD /* TimeNestFileDecoder.swift in Sources */,
				807B38278C4BC50554C76052 /* TimeNestFileEncoder.swift in Sources */,
				5E161B9577756504BA816058 /* HolidayEventCacheRepository.swift in Sources */,
				94254F00977028D0FB494340 /* HolidayProviding.swift in Sources */,
				36D36BCDEDD761782DD873B9 /* ICSDownloadService.swift in Sources */,
				97CB10665E539980B5A08533 /* ICSParsingService.swift in Sources */,
				1DE97C99308A4D7C3FE1738B /* InMemoryEventRepository.swift in Sources */,
				B89B1698AB583D10078BFFEB /* InMemoryReminderRepository.swift in Sources */,
				F74CA824A6ACBB372519EDCD /* MockReminderScheduler.swift in Sources */,
				E3F5D37201B9CC7AC2B20A1E /* MockWeatherProvider.swift in Sources */,
				63269FA47CA3D0AFBB22F285 /* SwiftDataCalendarEventEntity.swift in Sources */,
				8D11BD6CB5FCB905B4D59B23 /* SwiftDataEventMapper.swift in Sources */,
				A4C08451CAC6D6B86F2900C9 /* SwiftDataEventRepository.swift in Sources */,
				F8DA7139680EDB332AE1B2E6 /* SwiftDataReminderEntity.swift in Sources */,
				70A3CF824BEC7C8F1300CC90 /* SwiftDataReminderMapper.swift in Sources */,
				CABD232E95D22392BF776E6A /* SwiftDataReminderRepository.swift in Sources */,
				78F6C1A81FF9FB2A50EED384 /* SwiftDataRepositoryLogger.swift in Sources */,
				81F909FCB7CE48C8146A7408 /* ReminderRepository.swift in Sources */,
				2E6816AB0A09DC4A5E7070D7 /* ReminderScheduling.swift in Sources */,
				1CF36EFDAD51EA5F17C8D63E /* WeatherProviding.swift in Sources */,
				B7E387A03518C78B9B665340 /* AdMobBannerView.swift in Sources */,
				EABE3524AFD0F00FFBBF2228 /* CalendarAdBannerContainer.swift in Sources */,
				D06F1FBB9D827B9F1F8AFBFC /* CalendarBottomToolbarView.swift in Sources */,
				C0C749CE791967E6EA0E91A6 /* CalendarHeaderView.swift in Sources */,
				E49E6EB29A391ECB00088F4D /* CalendarStyles.swift in Sources */,
				957C4B2C0CC597B0ADD86D15 /* CalendarViewMode.swift in Sources */,
				4E071716B26297F551C81A38 /* DayCalendarView.swift in Sources */,
				4074AD7DF76D72FAB10081D3 /* MonthCalendarView.swift in Sources */,
				08AE7721247EC259F756BCA7 /* MonthCalendarViewModel.swift in Sources */,
				9200003D2B9DC983DAFAEFE9 /* WeekCalendarView.swift in Sources */,
				BFC2E4071046602758FE794B /* WeekdayHeaderView.swift in Sources */,
				715474D479FC05B6C4DB0F44 /* YearMonthPickerView.swift in Sources */,
				C9DD1A59759A9A4A91085418 /* DayDetailView.swift in Sources */,
				89CE98B8FAF594F9E3F186D2 /* EventEditorDateNormalizer.swift in Sources */,
				4B386DF10ADB393B6C8C18B0 /* EventEditorView.swift in Sources */,
				A61E7990DC2EA513351B8666 /* HelpView.swift in Sources */,
				213AF874F3964CEB0CAE9B05 /* HolidaySourceSettingsView.swift in Sources */,
				41AA263B87C25050420F8DFB /* HolidaySubscriptionSettingsView.swift in Sources */,
				F6926445027ACF53819DE6D7 /* SettingsView.swift in Sources */,
				C87249AB16F4E371618911FD /* TimeNestFileSharingView.swift in Sources */,
				32BB4B0199854A155036D99D /* WorkStatisticsView.swift in Sources */,
				7EB9820BDFD843BE37DFA94A /* WorkStatisticsViewModel.swift in Sources */,
				B061FE6E7B430B8B6707FB1F /* DateOnly.swift in Sources */,
				6423FEA66D4E3409CAB550F0 /* AppError.swift in Sources */,
				534AC542EFF8EF9FB8834004 /* Localizable.swift in Sources */,
				DF4E022EDA878C2B86680F04 /* LocalizationManager.swift in Sources */,
				4A061045B7EAA24F1C062967 /* AppNotifications.swift in Sources */,
				4B1023C5BEBAF5526FB2B199 /* TimeNestTheme.swift in Sources */,
				4AA33E476853373EFB6D2BB2 /* TabBarVisibilityState.swift in Sources */,
				9B754AFAEDEF419348279B74 /* WidgetSnapshot.swift in Sources */,
			);
			runOnlyForDeploymentPostprocessing = 0;
		};
/* End PBXSourcesBuildPhase section */

/* Begin PBXTargetDependency section */
		87008AA570AC5D1F79FB0C13 /* PBXTargetDependency */ = {
			isa = PBXTargetDependency;
			name = TimeNest;
			target = 2225269E6F32DE4DDE7D53EC /* TimeNest */;
			targetProxy = D4B1CADE2759CBDA437A974A /* PBXContainerItemProxy */;
		};
		B2D2FCE2260B883D1DA1657A /* PBXTargetDependency */ = {
			isa = PBXTargetDependency;
			name = TimeNestWidgetExtension;
			target = F417ACF56F3AD1754A4D494A /* TimeNestWidgetExtension */;
			targetProxy = 50DDF65DBC08113ED92C3417 /* PBXContainerItemProxy */;
		};
/* End PBXTargetDependency section */

/* Begin PBXVariantGroup section */
		1932E070BAE2E6B701259C8D /* InfoPlist.strings */ = {
			isa = PBXVariantGroup;
			children = (
				2A06BBF22976DDC130A4D262 /* en */,
				859200B953D65910745C1393 /* ja */,
				6014366204119534448DB749 /* ko */,
				E2F78125BB977C2726B0497C /* zh-Hans */,
			);
			name = InfoPlist.strings;
			sourceTree = "<group>";
		};
		9C782E37B736D8E03823F101 /* Localizable.strings */ = {
			isa = PBXVariantGroup;
			children = (
				016F0667ED1D15B10C1A3256 /* en */,
				5C542F8ABD886FDBF6BE6E30 /* ja */,
				BF164A3A542847D9266063B7 /* ko */,
				7C4251982C80EB3BB5CEEF79 /* zh-Hans */,
				FDC36B599AA82939C34B993F /* zh-Hant */,
			);
			name = Localizable.strings;
			sourceTree = "<group>";
		};
/* End PBXVariantGroup section */

/* Begin XCBuildConfiguration section */
		04069DD09718FB44A699E176 /* Release */ = {
			isa = XCBuildConfiguration;
			buildSettings = {
				ALWAYS_SEARCH_USER_PATHS = NO;
				CLANG_ANALYZER_LOCALIZABILITY_NONLOCALIZED = YES;
				CLANG_ANALYZER_NONNULL = YES;
				CLANG_ANALYZER_NUMBER_OBJECT_CONVERSION = YES_AGGRESSIVE;
				CLANG_CXX_LANGUAGE_STANDARD = "gnu++14";
				CLANG_CXX_LIBRARY = "libc++";
				CLANG_ENABLE_MODULES = YES;
				CLANG_ENABLE_OBJC_ARC = YES;
				CLANG_ENABLE_OBJC_WEAK = YES;
				CLANG_WARN_BLOCK_CAPTURE_AUTORELEASING = YES;
				CLANG_WARN_BOOL_CONVERSION = YES;
				CLANG_WARN_COMMA = YES;
				CLANG_WARN_CONSTANT_CONVERSION = YES;
				CLANG_WARN_DEPRECATED_OBJC_IMPLEMENTATIONS = YES;
				CLANG_WARN_DIRECT_OBJC_ISA_USAGE = YES_ERROR;
				CLANG_WARN_DOCUMENTATION_COMMENTS = YES;
				CLANG_WARN_EMPTY_BODY = YES;
				CLANG_WARN_ENUM_CONVERSION = YES;
				CLANG_WARN_INFINITE_RECURSION = YES;
				CLANG_WARN_INT_CONVERSION = YES;
				CLANG_WARN_NON_LITERAL_NULL_CONVERSION = YES;
				CLANG_WARN_OBJC_IMPLICIT_RETAIN_SELF = YES;
				CLANG_WARN_OBJC_LITERAL_CONVERSION = YES;
				CLANG_WARN_OBJC_ROOT_CLASS = YES_ERROR;
				CLANG_WARN_QUOTED_INCLUDE_IN_FRAMEWORK_HEADER = YES;
				CLANG_WARN_RANGE_LOOP_ANALYSIS = YES;
				CLANG_WARN_STRICT_PROTOTYPES = YES;
				CLANG_WARN_SUSPICIOUS_MOVE = YES;
				CLANG_WARN_UNGUARDED_AVAILABILITY = YES_AGGRESSIVE;
				CLANG_WARN_UNREACHABLE_CODE = YES;
				CLANG_WARN__DUPLICATE_METHOD_MATCH = YES;
				COPY_PHASE_STRIP = NO;
				DEAD_CODE_STRIPPING = YES;
				DEBUG_INFORMATION_FORMAT = "dwarf-with-dsym";
				ENABLE_NS_ASSERTIONS = NO;
				ENABLE_STRICT_OBJC_MSGSEND = YES;
				GCC_C_LANGUAGE_STANDARD = gnu11;
				GCC_NO_COMMON_BLOCKS = YES;
				GCC_WARN_64_TO_32_BIT_CONVERSION = YES;
				GCC_WARN_ABOUT_RETURN_TYPE = YES_ERROR;
				GCC_WARN_UNDECLARED_SELECTOR = YES;
				GCC_WARN_UNINITIALIZED_AUTOS = YES_AGGRESSIVE;
				GCC_WARN_UNUSED_FUNCTION = YES;
				GCC_WARN_UNUSED_VARIABLE = YES;
				MTL_ENABLE_DEBUG_INFO = NO;
				PRODUCT_NAME = "$(TARGET_NAME)";
				VALIDATE_PRODUCT = YES;
			};
			name = Release;
		};
		783C0E0B80EFC0008EFABD11 /* Debug */ = {
			isa = XCBuildConfiguration;
			buildSettings = {
				APPLICATION_EXTENSION_API_ONLY = YES;
				CODE_SIGN_ENTITLEMENTS = TimeNestWidgetExtension/TimeNestWidgetExtension.entitlements;
				CODE_SIGN_IDENTITY = "iPhone Developer";
				CODE_SIGN_STYLE = Automatic;
				CURRENT_PROJECT_VERSION = 1;
				DEVELOPMENT_TEAM = JCABFH9F66;
				GENERATE_INFOPLIST_FILE = YES;
				INFOPLIST_FILE = "Derived/InfoPlists/TimeNestWidgetExtension-Info.plist";
				IPHONEOS_DEPLOYMENT_TARGET = 17.0;
				LD_RUNPATH_SEARCH_PATHS = (
					"$(inherited)",
					"@executable_path/Frameworks",
					"@executable_path/../../Frameworks",
				);
				MARKETING_VERSION = 1.0;
				OTHER_LDFLAGS = (
					"$(inherited)",
					"-L$(DT_TOOLCHAIN_DIR)/usr/lib/swift/$(PLATFORM_NAME)",
				);
				PRODUCT_BUNDLE_IDENTIFIER = com.song.TimeNest.TimeNestWidgetExtension;
				PRODUCT_NAME = TimeNestWidgetExtension;
				SDKROOT = iphoneos;
				SKIP_INSTALL = YES;
				SUPPORTS_MACCATALYST = NO;
				SUPPORTS_MAC_DESIGNED_FOR_IPHONE_IPAD = YES;
				SUPPORTS_XR_DESIGNED_FOR_IPHONE_IPAD = NO;
				SWIFT_ACTIVE_COMPILATION_CONDITIONS = (
					"$(inherited)",
					DEBUG,
				);
				SWIFT_COMPILATION_MODE = singlefile;
				SWIFT_OPTIMIZATION_LEVEL = "-Onone";
				SWIFT_VERSION = 5;
				TARGETED_DEVICE_FAMILY = "1,2";
			};
			name = Debug;
		};
		7F0258BB77BB5D83D30AA1FA /* Release */ = {
			isa = XCBuildConfiguration;
			buildSettings = {
				APPLICATION_EXTENSION_API_ONLY = YES;
				CODE_SIGN_ENTITLEMENTS = TimeNestWidgetExtension/TimeNestWidgetExtension.entitlements;
				CODE_SIGN_IDENTITY = "iPhone Developer";
				CODE_SIGN_STYLE = Automatic;
				CURRENT_PROJECT_VERSION = 1;
				DEVELOPMENT_TEAM = JCABFH9F66;
				GENERATE_INFOPLIST_FILE = YES;
				INFOPLIST_FILE = "Derived/InfoPlists/TimeNestWidgetExtension-Info.plist";
				IPHONEOS_DEPLOYMENT_TARGET = 17.0;
				LD_RUNPATH_SEARCH_PATHS = (
					"$(inherited)",
					"@executable_path/Frameworks",
					"@executable_path/../../Frameworks",
				);
				MARKETING_VERSION = 1.0;
				OTHER_LDFLAGS = (
					"$(inherited)",
					"-L$(DT_TOOLCHAIN_DIR)/usr/lib/swift/$(PLATFORM_NAME)",
				);
				PRODUCT_BUNDLE_IDENTIFIER = com.song.TimeNest.TimeNestWidgetExtension;
				PRODUCT_NAME = TimeNestWidgetExtension;
				SDKROOT = iphoneos;
				SKIP_INSTALL = YES;
				SUPPORTS_MACCATALYST = NO;
				SUPPORTS_MAC_DESIGNED_FOR_IPHONE_IPAD = YES;
				SUPPORTS_XR_DESIGNED_FOR_IPHONE_IPAD = NO;
				SWIFT_COMPILATION_MODE = wholemodule;
				SWIFT_OPTIMIZATION_LEVEL = "-O";
				SWIFT_VERSION = 5;
				TARGETED_DEVICE_FAMILY = "1,2";
			};
			name = Release;
		};
		BA9F46B6EC17DF0D99F46342 /* Release */ = {
			isa = XCBuildConfiguration;
			buildSettings = {
				ASSETCATALOG_COMPILER_APPICON_NAME = AppIcon;
				ASSETCATALOG_COMPILER_GLOBAL_ACCENT_COLOR_NAME = AccentColor;
				CODE_SIGN_ENTITLEMENTS = TimeNest/TimeNest.entitlements;
				CODE_SIGN_IDENTITY = "iPhone Developer";
				CODE_SIGN_STYLE = Automatic;
				DEVELOPMENT_TEAM = JCABFH9F66;
				ENABLE_PREVIEWS = YES;
				GENERATE_INFOPLIST_FILE = NO;
				INFOPLIST_FILE = TimeNest/Info.plist;
				IPHONEOS_DEPLOYMENT_TARGET = 17.0;
				LD_RUNPATH_SEARCH_PATHS = (
					"$(inherited)",
					"@executable_path/Frameworks",
				);
				MACH_O_TYPE = mh_execute;
				OTHER_LDFLAGS = (
					"$(inherited)",
					"-L$(DT_TOOLCHAIN_DIR)/usr/lib/swift/$(PLATFORM_NAME)",
				);
				PRODUCT_BUNDLE_IDENTIFIER = com.song.TimeNest;
				PRODUCT_BUNDLE_PACKAGE_TYPE = APPL;
				PRODUCT_NAME = TimeNest;
				SDKROOT = iphoneos;
				SKIP_INSTALL = NO;
				SUPPORTS_MACCATALYST = NO;
				SUPPORTS_MAC_DESIGNED_FOR_IPHONE_IPAD = YES;
				SUPPORTS_XR_DESIGNED_FOR_IPHONE_IPAD = NO;
				SWIFT_COMPILATION_MODE = wholemodule;
				SWIFT_OPTIMIZATION_LEVEL = "-O";
				SWIFT_VERSION = 5;
				TARGETED_DEVICE_FAMILY = "1,2";
				TIMENEST_ADMOB_APP_ID = "ca-app-pub-7907716708037277~6985657856";
				"TIMENEST_ADMOB_APP_ID[sdk=iphonesimulator*]" = "ca-app-pub-3940256099942544~1458002511";
				TIMENEST_ADMOB_BANNER_UNIT_ID = "ca-app-pub-7907716708037277/8542282103";
				"TIMENEST_ADMOB_BANNER_UNIT_ID[sdk=iphonesimulator*]" = "ca-app-pub-3940256099942544/2435281174";
				TIMENEST_ADS_ENABLED = YES;
			};
			name = Release;
		};
		BF773E8BA86A0CA9DF340081 /* Debug */ = {
			isa = XCBuildConfiguration;
			buildSettings = {
				ASSETCATALOG_COMPILER_APPICON_NAME = AppIcon;
				ASSETCATALOG_COMPILER_GLOBAL_ACCENT_COLOR_NAME = AccentColor;
				CODE_SIGN_ENTITLEMENTS = TimeNest/TimeNest.entitlements;
				CODE_SIGN_IDENTITY = "iPhone Developer";
				CODE_SIGN_STYLE = Automatic;
				DEVELOPMENT_TEAM = JCABFH9F66;
				ENABLE_PREVIEWS = YES;
				GENERATE_INFOPLIST_FILE = NO;
				INFOPLIST_FILE = TimeNest/Info.plist;
				IPHONEOS_DEPLOYMENT_TARGET = 17.0;
				LD_RUNPATH_SEARCH_PATHS = (
					"$(inherited)",
					"@executable_path/Frameworks",
				);
				MACH_O_TYPE = mh_execute;
				OTHER_LDFLAGS = (
					"$(inherited)",
					"-L$(DT_TOOLCHAIN_DIR)/usr/lib/swift/$(PLATFORM_NAME)",
				);
				PRODUCT_BUNDLE_IDENTIFIER = com.song.TimeNest;
				PRODUCT_BUNDLE_PACKAGE_TYPE = APPL;
				PRODUCT_NAME = TimeNest;
				SDKROOT = iphoneos;
				SKIP_INSTALL = NO;
				SUPPORTS_MACCATALYST = NO;
				SUPPORTS_MAC_DESIGNED_FOR_IPHONE_IPAD = YES;
				SUPPORTS_XR_DESIGNED_FOR_IPHONE_IPAD = NO;
				SWIFT_ACTIVE_COMPILATION_CONDITIONS = (
					"$(inherited)",
					DEBUG,
				);
				SWIFT_COMPILATION_MODE = singlefile;
				SWIFT_OPTIMIZATION_LEVEL = "-Onone";
				SWIFT_VERSION = 5;
				TARGETED_DEVICE_FAMILY = "1,2";
				TIMENEST_ADMOB_APP_ID = "ca-app-pub-3940256099942544~1458002511";
				TIMENEST_ADMOB_BANNER_UNIT_ID = "ca-app-pub-3940256099942544/2435281174";
				TIMENEST_ADS_ENABLED = YES;
			};
			name = Debug;
		};
		C6EEA7A19A1C096B1CA6B32A /* Release */ = {
			isa = XCBuildConfiguration;
			buildSettings = {
				BUNDLE_LOADER = "$(TEST_HOST)";
				CODE_SIGN_IDENTITY = "iPhone Developer";
				INFOPLIST_FILE = "Derived/InfoPlists/TimeNestTests-Info.plist";
				IPHONEOS_DEPLOYMENT_TARGET = 17.0;
				LD_RUNPATH_SEARCH_PATHS = (
					"$(inherited)",
					"@executable_path/Frameworks",
					"@loader_path/Frameworks",
				);
				OTHER_LDFLAGS = (
					"$(inherited)",
					"-L$(DT_TOOLCHAIN_DIR)/usr/lib/swift/$(PLATFORM_NAME)",
				);
				PRODUCT_BUNDLE_IDENTIFIER = com.song.TimeNestTests;
				PRODUCT_NAME = TimeNestTests;
				SDKROOT = iphoneos;
				SUPPORTS_MACCATALYST = NO;
				SUPPORTS_MAC_DESIGNED_FOR_IPHONE_IPAD = YES;
				SUPPORTS_XR_DESIGNED_FOR_IPHONE_IPAD = NO;
				SWIFT_COMPILATION_MODE = wholemodule;
				SWIFT_OPTIMIZATION_LEVEL = "-O";
				SWIFT_VERSION = 5;
				TARGETED_DEVICE_FAMILY = "1,2";
				TEST_HOST = "$(BUILT_PRODUCTS_DIR)/TimeNest.app/$(BUNDLE_EXECUTABLE_FOLDER_PATH)/TimeNest";
				TEST_TARGET_NAME = TimeNest;
			};
			name = Release;
		};
		CEFD87B728DE8C5C070264F1 /* Debug */ = {
			isa = XCBuildConfiguration;
			buildSettings = {
				ALWAYS_SEARCH_USER_PATHS = NO;
				CLANG_ANALYZER_LOCALIZABILITY_NONLOCALIZED = YES;
				CLANG_ANALYZER_NONNULL = YES;
				CLANG_ANALYZER_NUMBER_OBJECT_CONVERSION = YES_AGGRESSIVE;
				CLANG_CXX_LANGUAGE_STANDARD = "gnu++14";
				CLANG_CXX_LIBRARY = "libc++";
				CLANG_ENABLE_MODULES = YES;
				CLANG_ENABLE_OBJC_ARC = YES;
				CLANG_ENABLE_OBJC_WEAK = YES;
				CLANG_WARN_BLOCK_CAPTURE_AUTORELEASING = YES;
				CLANG_WARN_BOOL_CONVERSION = YES;
				CLANG_WARN_COMMA = YES;
				CLANG_WARN_CONSTANT_CONVERSION = YES;
				CLANG_WARN_DEPRECATED_OBJC_IMPLEMENTATIONS = YES;
				CLANG_WARN_DIRECT_OBJC_ISA_USAGE = YES_ERROR;
				CLANG_WARN_DOCUMENTATION_COMMENTS = YES;
				CLANG_WARN_EMPTY_BODY = YES;
				CLANG_WARN_ENUM_CONVERSION = YES;
				CLANG_WARN_INFINITE_RECURSION = YES;
				CLANG_WARN_INT_CONVERSION = YES;
				CLANG_WARN_NON_LITERAL_NULL_CONVERSION = YES;
				CLANG_WARN_OBJC_IMPLICIT_RETAIN_SELF = YES;
				CLANG_WARN_OBJC_LITERAL_CONVERSION = YES;
				CLANG_WARN_OBJC_ROOT_CLASS = YES_ERROR;
				CLANG_WARN_QUOTED_INCLUDE_IN_FRAMEWORK_HEADER = YES;
				CLANG_WARN_RANGE_LOOP_ANALYSIS = YES;
				CLANG_WARN_STRICT_PROTOTYPES = YES;
				CLANG_WARN_SUSPICIOUS_MOVE = YES;
				CLANG_WARN_UNGUARDED_AVAILABILITY = YES_AGGRESSIVE;
				CLANG_WARN_UNREACHABLE_CODE = YES;
				CLANG_WARN__DUPLICATE_METHOD_MATCH = YES;
				COPY_PHASE_STRIP = NO;
				DEAD_CODE_STRIPPING = YES;
				DEBUG_INFORMATION_FORMAT = dwarf;
				ENABLE_STRICT_OBJC_MSGSEND = YES;
				ENABLE_TESTABILITY = YES;
				GCC_C_LANGUAGE_STANDARD = gnu11;
				GCC_DYNAMIC_NO_PIC = NO;
				GCC_NO_COMMON_BLOCKS = YES;
				GCC_OPTIMIZATION_LEVEL = 0;
				GCC_PREPROCESSOR_DEFINITIONS = (
					"DEBUG=1",
					"$(inherited)",
				);
				GCC_WARN_64_TO_32_BIT_CONVERSION = YES;
				GCC_WARN_ABOUT_RETURN_TYPE = YES_ERROR;
				GCC_WARN_UNDECLARED_SELECTOR = YES;
				GCC_WARN_UNINITIALIZED_AUTOS = YES_AGGRESSIVE;
				GCC_WARN_UNUSED_FUNCTION = YES;
				GCC_WARN_UNUSED_VARIABLE = YES;
				MTL_ENABLE_DEBUG_INFO = YES;
				ONLY_ACTIVE_ARCH = YES;
				PRODUCT_NAME = "$(TARGET_NAME)";
			};
			name = Debug;
		};
		D5090DA1E43BAD63E225A774 /* Debug */ = {
			isa = XCBuildConfiguration;
			buildSettings = {
				BUNDLE_LOADER = "$(TEST_HOST)";
				CODE_SIGN_IDENTITY = "iPhone Developer";
				INFOPLIST_FILE = "Derived/InfoPlists/TimeNestTests-Info.plist";
				IPHONEOS_DEPLOYMENT_TARGET = 17.0;
				LD_RUNPATH_SEARCH_PATHS = (
					"$(inherited)",
					"@executable_path/Frameworks",
					"@loader_path/Frameworks",
				);
				OTHER_LDFLAGS = (
					"$(inherited)",
					"-L$(DT_TOOLCHAIN_DIR)/usr/lib/swift/$(PLATFORM_NAME)",
				);
				PRODUCT_BUNDLE_IDENTIFIER = com.song.TimeNestTests;
				PRODUCT_NAME = TimeNestTests;
				SDKROOT = iphoneos;
				SUPPORTS_MACCATALYST = NO;
				SUPPORTS_MAC_DESIGNED_FOR_IPHONE_IPAD = YES;
				SUPPORTS_XR_DESIGNED_FOR_IPHONE_IPAD = NO;
				SWIFT_ACTIVE_COMPILATION_CONDITIONS = (
					"$(inherited)",
					DEBUG,
				);
				SWIFT_COMPILATION_MODE = singlefile;
				SWIFT_OPTIMIZATION_LEVEL = "-Onone";
				SWIFT_VERSION = 5;
				TARGETED_DEVICE_FAMILY = "1,2";
				TEST_HOST = "$(BUILT_PRODUCTS_DIR)/TimeNest.app/$(BUNDLE_EXECUTABLE_FOLDER_PATH)/TimeNest";
				TEST_TARGET_NAME = TimeNest;
			};
			name = Debug;
		};
/* End XCBuildConfiguration section */

/* Begin XCConfigurationList section */
		45A8629EDF2B751356C8B129 /* Build configuration list for PBXNativeTarget "TimeNestTests" */ = {
			isa = XCConfigurationList;
			buildConfigurations = (
				D5090DA1E43BAD63E225A774 /* Debug */,
				C6EEA7A19A1C096B1CA6B32A /* Release */,
			);
			defaultConfigurationIsVisible = 0;
			defaultConfigurationName = Release;
		};
		7013C236F845B2198553FADC /* Build configuration list for PBXNativeTarget "TimeNestWidgetExtension" */ = {
			isa = XCConfigurationList;
			buildConfigurations = (
				783C0E0B80EFC0008EFABD11 /* Debug */,
				7F0258BB77BB5D83D30AA1FA /* Release */,
			);
			defaultConfigurationIsVisible = 0;
			defaultConfigurationName = Release;
		};
		DA4619F14F2739EC8403D233 /* Build configuration list for PBXNativeTarget "TimeNest" */ = {
			isa = XCConfigurationList;
			buildConfigurations = (
				BF773E8BA86A0CA9DF340081 /* Debug */,
				BA9F46B6EC17DF0D99F46342 /* Release */,
			);
			defaultConfigurationIsVisible = 0;
			defaultConfigurationName = Release;
		};
		DBFA16F0102D09E51528942D /* Build configuration list for PBXProject "TimeNest" */ = {
			isa = XCConfigurationList;
			buildConfigurations = (
				CEFD87B728DE8C5C070264F1 /* Debug */,
				04069DD09718FB44A699E176 /* Release */,
			);
			defaultConfigurationIsVisible = 0;
			defaultConfigurationName = Release;
		};
/* End XCConfigurationList section */

/* Begin XCRemoteSwiftPackageReference section */
		6A1B88294BEF26A643F88D1C /* XCRemoteSwiftPackageReference "swift-package-manager-google-mobile-ads" */ = {
			isa = XCRemoteSwiftPackageReference;
			repositoryURL = "https://github.com/googleads/swift-package-manager-google-mobile-ads.git";
			requirement = {
				kind = upToNextMajorVersion;
				minimumVersion = 13.0.0;
			};
		};
/* End XCRemoteSwiftPackageReference section */

/* Begin XCSwiftPackageProductDependency section */
		06F99D159398DDDBEFDB454B /* GoogleMobileAds */ = {
			isa = XCSwiftPackageProductDependency;
			productName = GoogleMobileAds;
		};
/* End XCSwiftPackageProductDependency section */
	};
	rootObject = 6A6959C8840239CBDDE58058 /* Project object */;
}
