// !$*UTF8*$!
{
	archiveVersion = 1;
	classes = {
	};
	objectVersion = 77;
	objects = {

/* Begin PBXBuildFile section */
		030F4B625A30EC646FCAAC9F /* ReminderStep.swift in Sources */ = {isa = PBXBuildFile; fileRef = BB0894E7E79370DACAF68DE4 /* ReminderStep.swift */; };
		04D0B4B3961F3C11BC6D797A /* BundleHolidayProvider.swift in Sources */ = {isa = PBXBuildFile; fileRef = E529D090684264185A62D2DD /* BundleHolidayProvider.swift */; };
		059EC02C212EACF956EFBD2F /* ReminderStatus.swift in Sources */ = {isa = PBXBuildFile; fileRef = DF46837BBCDCF4238367EE27 /* ReminderStatus.swift */; };
		0A936F6E4551063BF1390069 /* TimeNestFileDecoder.swift in Sources */ = {isa = PBXBuildFile; fileRef = B60E8B1352E738C5784F97DE /* TimeNestFileDecoder.swift */; };
		0D2C383A22DD5BF451C9DCA2 /* HolidayEvent.swift in Sources */ = {isa = PBXBuildFile; fileRef = 030EF4730C918F3BE3C9CC91 /* HolidayEvent.swift */; };
		0F8303A8746CC4C17898EFBA /* HolidayProviding.swift in Sources */ = {isa = PBXBuildFile; fileRef = B3E7E5F217870F645CEE555E /* HolidayProviding.swift */; };
		1605F1F99375339C7D3AFAE8 /* CalendarBottomToolbarView.swift in Sources */ = {isa = PBXBuildFile; fileRef = DB37BB182F6DE220355A45B1 /* CalendarBottomToolbarView.swift */; };
		19C4A1C1F4B504B1E5656B84 /* AppError.swift in Sources */ = {isa = PBXBuildFile; fileRef = 599C8A59624D80B050018C90 /* AppError.swift */; };
		1A9FA4EDCF81F3D6B91F8390 /* EventOccurrence.swift in Sources */ = {isa = PBXBuildFile; fileRef = C335AB34F6D0357AA0E30AF2 /* EventOccurrence.swift */; };
		1DCD49B77F33B9C8044BD8A1 /* DisplayLanguage.swift in Sources */ = {isa = PBXBuildFile; fileRef = 0AAE7371D9CF578DA493F53E /* DisplayLanguage.swift */; };
		1E5A03A74BDE0F365843AF5C /* CalendarDisplayUseCase.swift in Sources */ = {isa = PBXBuildFile; fileRef = A1D25B9002E986BD277DE4D4 /* CalendarDisplayUseCase.swift */; };
		1ED252B2287A7D40469BCCA5 /* ImportSource.swift in Sources */ = {isa = PBXBuildFile; fileRef = 930B04AEF751C1556AC288C0 /* ImportSource.swift */; };
		28D01B21F9B8EBB39950A36E /* HolidayNameLocalizer.swift in Sources */ = {isa = PBXBuildFile; fileRef = 531E399A4B7A63C24EDA1DE9 /* HolidayNameLocalizer.swift */; };
		28EA7B08CE5976E1EB5EE94D /* ja.lproj in Resources */ = {isa = PBXBuildFile; fileRef = 81008528D75F27AC81D854F1 /* ja.lproj */; };
		2A452B2BF2815D6737317826 /* zh-Hans.lproj in Resources */ = {isa = PBXBuildFile; fileRef = E6C697DBAC450BBBF2638215 /* zh-Hans.lproj */; };
		2A526C0EE282FEE618AF455F /* ContentView.swift in Sources */ = {isa = PBXBuildFile; fileRef = 989C24E133C49121F2E0A868 /* ContentView.swift */; };
		2E93851A4B77AACCFB33DB9B /* EventUseCase.swift in Sources */ = {isa = PBXBuildFile; fileRef = D523D91DACB01B11ADF3EF74 /* EventUseCase.swift */; };
		2FDC7A0ECDA46AA402CE8594 /* SelectedDateInfoBarView.swift in Sources */ = {isa = PBXBuildFile; fileRef = C4AAB341E4A8A28E14B0536C /* SelectedDateInfoBarView.swift */; };
		2FF605F4D546A5762C438E62 /* CalendarLocalizationUseCase.swift in Sources */ = {isa = PBXBuildFile; fileRef = C9EF37B2E1D6F0B7A9EBB589 /* CalendarLocalizationUseCase.swift */; };
		30B5126D6A9F938A4227BA57 /* SettingsView.swift in Sources */ = {isa = PBXBuildFile; fileRef = AB3F652408912262E19CA28B /* SettingsView.swift */; };
		350963AEE39B5043EBC22BBB /* ICSDownloadService.swift in Sources */ = {isa = PBXBuildFile; fileRef = AB4A5788F1B9D19FD36ACB7A /* ICSDownloadService.swift */; };
		3583077C9AF834FF8C027D2D /* CalendarViewMode.swift in Sources */ = {isa = PBXBuildFile; fileRef = 1329B4B458CA6C6F44F683FF /* CalendarViewMode.swift */; };
		3A8EBA9E102992354EB1FB4A /* EventRepository.swift in Sources */ = {isa = PBXBuildFile; fileRef = FD81A481736AFAF2E5FBF110 /* EventRepository.swift */; };
		3F81E0A8D90E6D4D55192D2C /* InMemoryReminderRepository.swift in Sources */ = {isa = PBXBuildFile; fileRef = 17F01932A9BD416FFFFC322E /* InMemoryReminderRepository.swift */; };
		43B231DEE6EB612DD6D63EAA /* HolidayRecommendedSource.swift in Sources */ = {isa = PBXBuildFile; fileRef = E78AC648768A087EBFC5FAF0 /* HolidayRecommendedSource.swift */; };
		494A0F13B101F92803150695 /* Assets.xcassets in Resources */ = {isa = PBXBuildFile; fileRef = 777E44D6C52D2E84BB3A5906 /* Assets.xcassets */; };
		4ACEB9475F21BE11EB3AC70B /* WeekdayHeaderView.swift in Sources */ = {isa = PBXBuildFile; fileRef = 9AF5DE3632C0B3995E70548A /* WeekdayHeaderView.swift */; };
		4D725366237C463AB1A9406A /* ImportSourceType.swift in Sources */ = {isa = PBXBuildFile; fileRef = EC4BC937DED38ACC686A57B4 /* ImportSourceType.swift */; };
		4E2DD46F8685576DACBEC676 /* CalendarHeaderView.swift in Sources */ = {isa = PBXBuildFile; fileRef = 100914DCC714075D43A228BC /* CalendarHeaderView.swift */; };
		533F4D90D32CF836DAD356F6 /* ScheduledReminder.swift in Sources */ = {isa = PBXBuildFile; fileRef = D8A348048CDF4CCC3B75412C /* ScheduledReminder.swift */; };
		552794D3E036900EF531FB98 /* LocalizedText.swift in Sources */ = {isa = PBXBuildFile; fileRef = 545E9AB29A6BED89BE564B67 /* LocalizedText.swift */; };
		59BDDE14F37B4F7B669ACF80 /* TimeNestFileEncoder.swift in Sources */ = {isa = PBXBuildFile; fileRef = 163680D7D1F036BBBE86EB76 /* TimeNestFileEncoder.swift */; };
		5B015AB45624AA70E82A4539 /* ICSParseServiceTests.swift in Sources */ = {isa = PBXBuildFile; fileRef = C91D5AD374D4C50C5C0A52A6 /* ICSParseServiceTests.swift */; };
		5F995EA1CA90F1434E5D25EB /* DayDetailView.swift in Sources */ = {isa = PBXBuildFile; fileRef = D682C97DB10A243C8BF90AF1 /* DayDetailView.swift */; };
		601434245D349B48607E5BEC /* CalendarEvent.swift in Sources */ = {isa = PBXBuildFile; fileRef = FF6423E12AEFF20549A1DB96 /* CalendarEvent.swift */; };
		6839B6B779B1BCABBD773D1D /* en.lproj in Resources */ = {isa = PBXBuildFile; fileRef = E9CEA7091890BFAB3C7B58EF /* en.lproj */; };
		7148073A3AEBCAD722A1FEF1 /* AddEventButtonRow.swift in Sources */ = {isa = PBXBuildFile; fileRef = 5CD7A38AD5074A7707015200 /* AddEventButtonRow.swift */; };
		72A14A1B8C98BE895CB58329 /* ko.lproj in Resources */ = {isa = PBXBuildFile; fileRef = FD009AC9340826530FB78B78 /* ko.lproj */; };
		72F8137F7B5B97D9FA82938C /* Localizable.swift in Sources */ = {isa = PBXBuildFile; fileRef = BB7D1FCDFE583F4CADA13A0B /* Localizable.swift */; };
		73BB4AC7FD9D1FD11721908E /* HolidayRegionSelectionView.swift in Sources */ = {isa = PBXBuildFile; fileRef = 040A1469E203ABCC0101CD8F /* HolidayRegionSelectionView.swift */; };
		7B81A8AD25EB5F5CB2780573 /* PlaceholderView.swift in Sources */ = {isa = PBXBuildFile; fileRef = 06600F158A953E74ADBEBB69 /* PlaceholderView.swift */; };
		7BAAE5B7CA121B7C7E66C578 /* ReminderRepository.swift in Sources */ = {isa = PBXBuildFile; fileRef = F786127B6D78F95EC1A11570 /* ReminderRepository.swift */; };
		866BCB5D83CAD2BABB918179 /* HolidaySubscriptionManager.swift in Sources */ = {isa = PBXBuildFile; fileRef = CBCA63CC7C9BE89781994D7F /* HolidaySubscriptionManager.swift */; };
		889EC769BE998CF66CC585FF /* MockReminderScheduler.swift in Sources */ = {isa = PBXBuildFile; fileRef = B634CD84962FD7D8064CAE65 /* MockReminderScheduler.swift */; };
		8E524015AE53AC0BF2FD1FE1 /* ReminderTemplate.swift in Sources */ = {isa = PBXBuildFile; fileRef = D4DBE2129C2403B064D8C0CB /* ReminderTemplate.swift */; };
		92088F63F36701396CE8C4FD /* BottomTabBarView.swift in Sources */ = {isa = PBXBuildFile; fileRef = 1105BE29C0D768F231940282 /* BottomTabBarView.swift */; };
		9244E98DE66883F611849ADD /* YearMonthPickerView.swift in Sources */ = {isa = PBXBuildFile; fileRef = C907B87645C90FCC613D96CE /* YearMonthPickerView.swift */; };
		92912AB1C1197E29BB5229A9 /* HolidaySubscription.swift in Sources */ = {isa = PBXBuildFile; fileRef = 45DC2F8ABC0C12427F9D25FB /* HolidaySubscription.swift */; };
		93EEE118E32D15D0185CAD37 /* AdBannerPlaceholderView.swift in Sources */ = {isa = PBXBuildFile; fileRef = 02CE474A2B66E0B8BD58BB72 /* AdBannerPlaceholderView.swift */; };
		9459D55EC453439C732DDED8 /* TimeNestFileExportUseCase.swift in Sources */ = {isa = PBXBuildFile; fileRef = ADF5116B603DBE311BDCE81F /* TimeNestFileExportUseCase.swift */; };
		996823798FAE09F2030AD0E0 /* WeatherProviding.swift in Sources */ = {isa = PBXBuildFile; fileRef = 74FAF6DFBA5FFD0C3D513BB1 /* WeatherProviding.swift */; };
		9EEC3FB24083936C2D1086FF /* Holiday.swift in Sources */ = {isa = PBXBuildFile; fileRef = 0C83574DCD490DD98AF76D50 /* Holiday.swift */; };
		A2DB08E650F725CB3259C6AB /* ReminderScheduling.swift in Sources */ = {isa = PBXBuildFile; fileRef = 67ADAD077EA077DD836ECFDF /* ReminderScheduling.swift */; };
		A4671F9245F82B04AC378164 /* TabBarVisibilityState.swift in Sources */ = {isa = PBXBuildFile; fileRef = 4603B799DA0FFFFA2C133B71 /* TabBarVisibilityState.swift */; };
		AA5CAD60142285BBD3B5C1A0 /* ICSParsingService.swift in Sources */ = {isa = PBXBuildFile; fileRef = 94F20A78EFA540B69E95BCBE /* ICSParsingService.swift */; };
		AEE32A9D708168EB86F0B980 /* MockWeatherProvider.swift in Sources */ = {isa = PBXBuildFile; fileRef = 2C23BD5589D54CADBFAF41D9 /* MockWeatherProvider.swift */; };
		AF21661824BC767CEDCB8EF5 /* TimeNestApp.swift in Sources */ = {isa = PBXBuildFile; fileRef = 15A599B4EED96F8FF19C0460 /* TimeNestApp.swift */; };
		B44F9529CD90750B94DB5A36 /* MonthCalendarViewModel.swift in Sources */ = {isa = PBXBuildFile; fileRef = CE192678143101DCAB0A48C0 /* MonthCalendarViewModel.swift */; };
		B6A55D5A3563F7DDED2DFAA1 /* InMemoryEventRepository.swift in Sources */ = {isa = PBXBuildFile; fileRef = 8CD23027255CFC9D1EE49C5C /* InMemoryEventRepository.swift */; };
		B9863A7B94A51BE4BC57FC03 /* TimeNestExportFile.swift in Sources */ = {isa = PBXBuildFile; fileRef = 66CB840A971656D52021FE5A /* TimeNestExportFile.swift */; };
		BD346351FA1DD1F69A2143B9 /* EventEditorView.swift in Sources */ = {isa = PBXBuildFile; fileRef = 2A1046A2FC5F307056FD1FBA /* EventEditorView.swift */; };
		BDF95E2D8815418DBF3B23A6 /* HolidayNameLocalizerTests.swift in Sources */ = {isa = PBXBuildFile; fileRef = A0916EDDA395322AA6C9C2B8 /* HolidayNameLocalizerTests.swift */; };
		BE154C6185E758476B15AF17 /* HolidayType.swift in Sources */ = {isa = PBXBuildFile; fileRef = CA45497203607D5D1B0506E8 /* HolidayType.swift */; };
		C2A17FEAD1B93E9B1CBA6CF6 /* MonthGrid.swift in Sources */ = {isa = PBXBuildFile; fileRef = 3688117AA88CDD697B64BC9B /* MonthGrid.swift */; };
		C587454E6A253CA44E1F7536 /* HolidayRegion.swift in Sources */ = {isa = PBXBuildFile; fileRef = D9DEA1E3A69AB607D62E1E69 /* HolidayRegion.swift */; };
		C6D8607CC78170185511EA96 /* CalendarDisplaySetting.swift in Sources */ = {isa = PBXBuildFile; fileRef = 410DD090969736F802A54FB0 /* CalendarDisplaySetting.swift */; };
		C6E705E0B9143B325E44B0AB /* TimeNestFileImportUseCase.swift in Sources */ = {isa = PBXBuildFile; fileRef = F865221FC2538E95FAC43510 /* TimeNestFileImportUseCase.swift */; };
		C988C6551FBD7DCB5DBE57FA /* ShiftSharePlaceholderView.swift in Sources */ = {isa = PBXBuildFile; fileRef = D737715A3785C176A9D9B778 /* ShiftSharePlaceholderView.swift */; };
		CC55B3C4746DF105B8192A85 /* DateOnly.swift in Sources */ = {isa = PBXBuildFile; fileRef = CF0A8B04BD140BAF09666150 /* DateOnly.swift */; };
		CE30C13DCA2C875CB300B701 /* TimeNestFileSharingView.swift in Sources */ = {isa = PBXBuildFile; fileRef = A1C8AE00E764B2E472E8A74E /* TimeNestFileSharingView.swift */; };
		CFC581688A4CB1747DD70A73 /* MonthCalendarView.swift in Sources */ = {isa = PBXBuildFile; fileRef = EDD535FD2A3A66B1639FAE1F /* MonthCalendarView.swift */; };
		D594A6245E016952B851D0FA /* WeekStartPolicy.swift in Sources */ = {isa = PBXBuildFile; fileRef = 4C80166B8FCD1DC798FF5FFB /* WeekStartPolicy.swift */; };
		D5E766E5392BD1FDB5CC110E /* EventCategory.swift in Sources */ = {isa = PBXBuildFile; fileRef = 2CBB242BEA1E0C0D6A1993BF /* EventCategory.swift */; };
		D68ACD27D603FA5C091C3943 /* RecurrenceRule.swift in Sources */ = {isa = PBXBuildFile; fileRef = 00E77805A7FD7651A7D51D2D /* RecurrenceRule.swift */; };
		DC12A9E91D661531B48C8AEE /* LocalizationManager.swift in Sources */ = {isa = PBXBuildFile; fileRef = 947BED78596841B0AF260897 /* LocalizationManager.swift */; };
		DD70690FC29D43E45D067F26 /* HolidaySourceSettingsView.swift in Sources */ = {isa = PBXBuildFile; fileRef = 33AA1A7135A70815BEE77C7A /* HolidaySourceSettingsView.swift */; };
		DE72508C123D5BACDB6F5A4C /* Localizable.strings in Resources */ = {isa = PBXBuildFile; fileRef = E439670392271700E636B759 /* Localizable.strings */; };
		E1F666FAB384344CC825B6CE /* HolidayUseCase.swift in Sources */ = {isa = PBXBuildFile; fileRef = 5D8594EFD3EEC9D785D70FC1 /* HolidayUseCase.swift */; };
		EE5F68DDE343D2BA4F836A53 /* HolidayEventCacheRepository.swift in Sources */ = {isa = PBXBuildFile; fileRef = 4D874383574C35940A031B80 /* HolidayEventCacheRepository.swift */; };
		F10090AC7E7DD170FDC0933D /* ReminderUseCase.swift in Sources */ = {isa = PBXBuildFile; fileRef = 735689838CC2044510B86E90 /* ReminderUseCase.swift */; };
		F3984972E7AA724B6DCC1B25 /* HolidaySubscriptionSettingsView.swift in Sources */ = {isa = PBXBuildFile; fileRef = 7EF9C9B46FBE954C36BF0CB8 /* HolidaySubscriptionSettingsView.swift */; };
		F4191D0B223F9993C636FE75 /* ExternalCalendarImporting.swift in Sources */ = {isa = PBXBuildFile; fileRef = 2D01AE62AF0074A5FDC78C28 /* ExternalCalendarImporting.swift */; };
		F94845112421254C64A7C027 /* AppNotifications.swift in Sources */ = {isa = PBXBuildFile; fileRef = D0CEC3D0D75DC4EDA8D0C224 /* AppNotifications.swift */; };
		FAD7FD49C296B49F095BAB54 /* SelectedDateDetailView.swift in Sources */ = {isa = PBXBuildFile; fileRef = 5EE07A17F3762284F455C9D8 /* SelectedDateDetailView.swift */; };
		FB59D6E29A5F0F8D1BD93931 /* CalendarStyles.swift in Sources */ = {isa = PBXBuildFile; fileRef = CE74E02C15578BF02A196567 /* CalendarStyles.swift */; };
/* End PBXBuildFile section */

/* Begin PBXContainerItemProxy section */
		D4B1CADE2759CBDA437A974A /* PBXContainerItemProxy */ = {
			isa = PBXContainerItemProxy;
			containerPortal = 6A6959C8840239CBDDE58058 /* Project object */;
			proxyType = 1;
			remoteGlobalIDString = 2225269E6F32DE4DDE7D53EC;
			remoteInfo = TimeNest;
		};
/* End PBXContainerItemProxy section */

/* Begin PBXFileReference section */
		00E77805A7FD7651A7D51D2D /* RecurrenceRule.swift */ = {isa = PBXFileReference; lastKnownFileType = sourcecode.swift; path = RecurrenceRule.swift; sourceTree = "<group>"; };
		02CE474A2B66E0B8BD58BB72 /* AdBannerPlaceholderView.swift */ = {isa = PBXFileReference; lastKnownFileType = sourcecode.swift; path = AdBannerPlaceholderView.swift; sourceTree = "<group>"; };
		030EF4730C918F3BE3C9CC91 /* HolidayEvent.swift */ = {isa = PBXFileReference; lastKnownFileType = sourcecode.swift; path = HolidayEvent.swift; sourceTree = "<group>"; };
		040A1469E203ABCC0101CD8F /* HolidayRegionSelectionView.swift */ = {isa = PBXFileReference; lastKnownFileType = sourcecode.swift; path = HolidayRegionSelectionView.swift; sourceTree = "<group>"; };
		06600F158A953E74ADBEBB69 /* PlaceholderView.swift */ = {isa = PBXFileReference; lastKnownFileType = sourcecode.swift; path = PlaceholderView.swift; sourceTree = "<group>"; };
		0AAE7371D9CF578DA493F53E /* DisplayLanguage.swift */ = {isa = PBXFileReference; lastKnownFileType = sourcecode.swift; path = DisplayLanguage.swift; sourceTree = "<group>"; };
		0C83574DCD490DD98AF76D50 /* Holiday.swift */ = {isa = PBXFileReference; lastKnownFileType = sourcecode.swift; path = Holiday.swift; sourceTree = "<group>"; };
		100914DCC714075D43A228BC /* CalendarHeaderView.swift */ = {isa = PBXFileReference; lastKnownFileType = sourcecode.swift; path = CalendarHeaderView.swift; sourceTree = "<group>"; };
		1105BE29C0D768F231940282 /* BottomTabBarView.swift */ = {isa = PBXFileReference; lastKnownFileType = sourcecode.swift; path = BottomTabBarView.swift; sourceTree = "<group>"; };
		1329B4B458CA6C6F44F683FF /* CalendarViewMode.swift */ = {isa = PBXFileReference; lastKnownFileType = sourcecode.swift; path = CalendarViewMode.swift; sourceTree = "<group>"; };
		15A599B4EED96F8FF19C0460 /* TimeNestApp.swift */ = {isa = PBXFileReference; lastKnownFileType = sourcecode.swift; path = TimeNestApp.swift; sourceTree = "<group>"; };
		163680D7D1F036BBBE86EB76 /* TimeNestFileEncoder.swift */ = {isa = PBXFileReference; lastKnownFileType = sourcecode.swift; path = TimeNestFileEncoder.swift; sourceTree = "<group>"; };
		17F01932A9BD416FFFFC322E /* InMemoryReminderRepository.swift */ = {isa = PBXFileReference; lastKnownFileType = sourcecode.swift; path = InMemoryReminderRepository.swift; sourceTree = "<group>"; };
		2A1046A2FC5F307056FD1FBA /* EventEditorView.swift */ = {isa = PBXFileReference; lastKnownFileType = sourcecode.swift; path = EventEditorView.swift; sourceTree = "<group>"; };
		2C23BD5589D54CADBFAF41D9 /* MockWeatherProvider.swift */ = {isa = PBXFileReference; lastKnownFileType = sourcecode.swift; path = MockWeatherProvider.swift; sourceTree = "<group>"; };
		2CBB242BEA1E0C0D6A1993BF /* EventCategory.swift */ = {isa = PBXFileReference; lastKnownFileType = sourcecode.swift; path = EventCategory.swift; sourceTree = "<group>"; };
		2D01AE62AF0074A5FDC78C28 /* ExternalCalendarImporting.swift */ = {isa = PBXFileReference; lastKnownFileType = sourcecode.swift; path = ExternalCalendarImporting.swift; sourceTree = "<group>"; };
		30C3C5FB4EB1928A7D6D5AEE /* zh-Hans */ = {isa = PBXFileReference; lastKnownFileType = text.plist.strings; name = "zh-Hans"; path = "zh-Hans.lproj/Localizable.strings"; sourceTree = "<group>"; };
		33AA1A7135A70815BEE77C7A /* HolidaySourceSettingsView.swift */ = {isa = PBXFileReference; lastKnownFileType = sourcecode.swift; path = HolidaySourceSettingsView.swift; sourceTree = "<group>"; };
		3688117AA88CDD697B64BC9B /* MonthGrid.swift */ = {isa = PBXFileReference; lastKnownFileType = sourcecode.swift; path = MonthGrid.swift; sourceTree = "<group>"; };
		410DD090969736F802A54FB0 /* CalendarDisplaySetting.swift */ = {isa = PBXFileReference; lastKnownFileType = sourcecode.swift; path = CalendarDisplaySetting.swift; sourceTree = "<group>"; };
		45DC2F8ABC0C12427F9D25FB /* HolidaySubscription.swift */ = {isa = PBXFileReference; lastKnownFileType = sourcecode.swift; path = HolidaySubscription.swift; sourceTree = "<group>"; };
		4603B799DA0FFFFA2C133B71 /* TabBarVisibilityState.swift */ = {isa = PBXFileReference; lastKnownFileType = sourcecode.swift; path = TabBarVisibilityState.swift; sourceTree = "<group>"; };
		4C80166B8FCD1DC798FF5FFB /* WeekStartPolicy.swift */ = {isa = PBXFileReference; lastKnownFileType = sourcecode.swift; path = WeekStartPolicy.swift; sourceTree = "<group>"; };
		4D874383574C35940A031B80 /* HolidayEventCacheRepository.swift */ = {isa = PBXFileReference; lastKnownFileType = sourcecode.swift; path = HolidayEventCacheRepository.swift; sourceTree = "<group>"; };
		531E399A4B7A63C24EDA1DE9 /* HolidayNameLocalizer.swift */ = {isa = PBXFileReference; lastKnownFileType = sourcecode.swift; path = HolidayNameLocalizer.swift; sourceTree = "<group>"; };
		545E9AB29A6BED89BE564B67 /* LocalizedText.swift */ = {isa = PBXFileReference; lastKnownFileType = sourcecode.swift; path = LocalizedText.swift; sourceTree = "<group>"; };
		599C8A59624D80B050018C90 /* AppError.swift */ = {isa = PBXFileReference; lastKnownFileType = sourcecode.swift; path = AppError.swift; sourceTree = "<group>"; };
		5CD7A38AD5074A7707015200 /* AddEventButtonRow.swift */ = {isa = PBXFileReference; lastKnownFileType = sourcecode.swift; path = AddEventButtonRow.swift; sourceTree = "<group>"; };
		5D8594EFD3EEC9D785D70FC1 /* HolidayUseCase.swift */ = {isa = PBXFileReference; lastKnownFileType = sourcecode.swift; path = HolidayUseCase.swift; sourceTree = "<group>"; };
		5EE07A17F3762284F455C9D8 /* SelectedDateDetailView.swift */ = {isa = PBXFileReference; lastKnownFileType = sourcecode.swift; path = SelectedDateDetailView.swift; sourceTree = "<group>"; };
		5FEAA0FECE743D61878BE79D /* TimeNest.app */ = {isa = PBXFileReference; includeInIndex = 0; lastKnownFileType = wrapper.application; path = TimeNest.app; sourceTree = BUILT_PRODUCTS_DIR; };
		66CB840A971656D52021FE5A /* TimeNestExportFile.swift */ = {isa = PBXFileReference; lastKnownFileType = sourcecode.swift; path = TimeNestExportFile.swift; sourceTree = "<group>"; };
		67ADAD077EA077DD836ECFDF /* ReminderScheduling.swift */ = {isa = PBXFileReference; lastKnownFileType = sourcecode.swift; path = ReminderScheduling.swift; sourceTree = "<group>"; };
		735689838CC2044510B86E90 /* ReminderUseCase.swift */ = {isa = PBXFileReference; lastKnownFileType = sourcecode.swift; path = ReminderUseCase.swift; sourceTree = "<group>"; };
		74FAF6DFBA5FFD0C3D513BB1 /* WeatherProviding.swift */ = {isa = PBXFileReference; lastKnownFileType = sourcecode.swift; path = WeatherProviding.swift; sourceTree = "<group>"; };
		777E44D6C52D2E84BB3A5906 /* Assets.xcassets */ = {isa = PBXFileReference; lastKnownFileType = folder.assetcatalog; path = Assets.xcassets; sourceTree = "<group>"; };
		7B9F2159B932C688AE90B53F /* TimeNestTests.xctest */ = {isa = PBXFileReference; includeInIndex = 0; lastKnownFileType = wrapper.cfbundle; path = TimeNestTests.xctest; sourceTree = BUILT_PRODUCTS_DIR; };
		7EF9C9B46FBE954C36BF0CB8 /* HolidaySubscriptionSettingsView.swift */ = {isa = PBXFileReference; lastKnownFileType = sourcecode.swift; path = HolidaySubscriptionSettingsView.swift; sourceTree = "<group>"; };
		81008528D75F27AC81D854F1 /* ja.lproj */ = {isa = PBXFileReference; path = ja.lproj; sourceTree = "<group>"; };
		8A3C86D3041C26844E7991D5 /* Info.plist */ = {isa = PBXFileReference; lastKnownFileType = text.plist; path = Info.plist; sourceTree = "<group>"; };
		8CD23027255CFC9D1EE49C5C /* InMemoryEventRepository.swift */ = {isa = PBXFileReference; lastKnownFileType = sourcecode.swift; path = InMemoryEventRepository.swift; sourceTree = "<group>"; };
		930B04AEF751C1556AC288C0 /* ImportSource.swift */ = {isa = PBXFileReference; lastKnownFileType = sourcecode.swift; path = ImportSource.swift; sourceTree = "<group>"; };
		947BED78596841B0AF260897 /* LocalizationManager.swift */ = {isa = PBXFileReference; lastKnownFileType = sourcecode.swift; path = LocalizationManager.swift; sourceTree = "<group>"; };
		94F20A78EFA540B69E95BCBE /* ICSParsingService.swift */ = {isa = PBXFileReference; lastKnownFileType = sourcecode.swift; path = ICSParsingService.swift; sourceTree = "<group>"; };
		989C24E133C49121F2E0A868 /* ContentView.swift */ = {isa = PBXFileReference; lastKnownFileType = sourcecode.swift; path = ContentView.swift; sourceTree = "<group>"; };
		9AF5DE3632C0B3995E70548A /* WeekdayHeaderView.swift */ = {isa = PBXFileReference; lastKnownFileType = sourcecode.swift; path = WeekdayHeaderView.swift; sourceTree = "<group>"; };
		9B104717B9916B3CB217D944 /* en */ = {isa = PBXFileReference; lastKnownFileType = text.plist.strings; name = en; path = en.lproj/Localizable.strings; sourceTree = "<group>"; };
		A0916EDDA395322AA6C9C2B8 /* HolidayNameLocalizerTests.swift */ = {isa = PBXFileReference; lastKnownFileType = sourcecode.swift; path = HolidayNameLocalizerTests.swift; sourceTree = "<group>"; };
		A1C8AE00E764B2E472E8A74E /* TimeNestFileSharingView.swift */ = {isa = PBXFileReference; lastKnownFileType = sourcecode.swift; path = TimeNestFileSharingView.swift; sourceTree = "<group>"; };
		A1D25B9002E986BD277DE4D4 /* CalendarDisplayUseCase.swift */ = {isa = PBXFileReference; lastKnownFileType = sourcecode.swift; path = CalendarDisplayUseCase.swift; sourceTree = "<group>"; };
		AB3F652408912262E19CA28B /* SettingsView.swift */ = {isa = PBXFileReference; lastKnownFileType = sourcecode.swift; path = SettingsView.swift; sourceTree = "<group>"; };
		AB4A5788F1B9D19FD36ACB7A /* ICSDownloadService.swift */ = {isa = PBXFileReference; lastKnownFileType = sourcecode.swift; path = ICSDownloadService.swift; sourceTree = "<group>"; };
		ADF5116B603DBE311BDCE81F /* TimeNestFileExportUseCase.swift */ = {isa = PBXFileReference; lastKnownFileType = sourcecode.swift; path = TimeNestFileExportUseCase.swift; sourceTree = "<group>"; };
		B3E7E5F217870F645CEE555E /* HolidayProviding.swift */ = {isa = PBXFileReference; lastKnownFileType = sourcecode.swift; path = HolidayProviding.swift; sourceTree = "<group>"; };
		B60E8B1352E738C5784F97DE /* TimeNestFileDecoder.swift */ = {isa = PBXFileReference; lastKnownFileType = sourcecode.swift; path = TimeNestFileDecoder.swift; sourceTree = "<group>"; };
		B634CD84962FD7D8064CAE65 /* MockReminderScheduler.swift */ = {isa = PBXFileReference; lastKnownFileType = sourcecode.swift; path = MockReminderScheduler.swift; sourceTree = "<group>"; };
		BB0894E7E79370DACAF68DE4 /* ReminderStep.swift */ = {isa = PBXFileReference; lastKnownFileType = sourcecode.swift; path = ReminderStep.swift; sourceTree = "<group>"; };
		BB7D1FCDFE583F4CADA13A0B /* Localizable.swift */ = {isa = PBXFileReference; lastKnownFileType = sourcecode.swift; path = Localizable.swift; sourceTree = "<group>"; };
		C335AB34F6D0357AA0E30AF2 /* EventOccurrence.swift */ = {isa = PBXFileReference; lastKnownFileType = sourcecode.swift; path = EventOccurrence.swift; sourceTree = "<group>"; };
		C4AAB341E4A8A28E14B0536C /* SelectedDateInfoBarView.swift */ = {isa = PBXFileReference; lastKnownFileType = sourcecode.swift; path = SelectedDateInfoBarView.swift; sourceTree = "<group>"; };
		C907B87645C90FCC613D96CE /* YearMonthPickerView.swift */ = {isa = PBXFileReference; lastKnownFileType = sourcecode.swift; path = YearMonthPickerView.swift; sourceTree = "<group>"; };
		C91D5AD374D4C50C5C0A52A6 /* ICSParseServiceTests.swift */ = {isa = PBXFileReference; lastKnownFileType = sourcecode.swift; path = ICSParseServiceTests.swift; sourceTree = "<group>"; };
		C9EF37B2E1D6F0B7A9EBB589 /* CalendarLocalizationUseCase.swift */ = {isa = PBXFileReference; lastKnownFileType = sourcecode.swift; path = CalendarLocalizationUseCase.swift; sourceTree = "<group>"; };
		CA45497203607D5D1B0506E8 /* HolidayType.swift */ = {isa = PBXFileReference; lastKnownFileType = sourcecode.swift; path = HolidayType.swift; sourceTree = "<group>"; };
		CBCA63CC7C9BE89781994D7F /* HolidaySubscriptionManager.swift */ = {isa = PBXFileReference; lastKnownFileType = sourcecode.swift; path = HolidaySubscriptionManager.swift; sourceTree = "<group>"; };
		CE192678143101DCAB0A48C0 /* MonthCalendarViewModel.swift */ = {isa = PBXFileReference; lastKnownFileType = sourcecode.swift; path = MonthCalendarViewModel.swift; sourceTree = "<group>"; };
		CE74E02C15578BF02A196567 /* CalendarStyles.swift */ = {isa = PBXFileReference; lastKnownFileType = sourcecode.swift; path = CalendarStyles.swift; sourceTree = "<group>"; };
		CF0A8B04BD140BAF09666150 /* DateOnly.swift */ = {isa = PBXFileReference; lastKnownFileType = sourcecode.swift; path = DateOnly.swift; sourceTree = "<group>"; };
		D0CEC3D0D75DC4EDA8D0C224 /* AppNotifications.swift */ = {isa = PBXFileReference; lastKnownFileType = sourcecode.swift; path = AppNotifications.swift; sourceTree = "<group>"; };
		D4DBE2129C2403B064D8C0CB /* ReminderTemplate.swift */ = {isa = PBXFileReference; lastKnownFileType = sourcecode.swift; path = ReminderTemplate.swift; sourceTree = "<group>"; };
		D523D91DACB01B11ADF3EF74 /* EventUseCase.swift */ = {isa = PBXFileReference; lastKnownFileType = sourcecode.swift; path = EventUseCase.swift; sourceTree = "<group>"; };
		D682C97DB10A243C8BF90AF1 /* DayDetailView.swift */ = {isa = PBXFileReference; lastKnownFileType = sourcecode.swift; path = DayDetailView.swift; sourceTree = "<group>"; };
		D737715A3785C176A9D9B778 /* ShiftSharePlaceholderView.swift */ = {isa = PBXFileReference; lastKnownFileType = sourcecode.swift; path = ShiftSharePlaceholderView.swift; sourceTree = "<group>"; };
		D8A348048CDF4CCC3B75412C /* ScheduledReminder.swift */ = {isa = PBXFileReference; lastKnownFileType = sourcecode.swift; path = ScheduledReminder.swift; sourceTree = "<group>"; };
		D9DEA1E3A69AB607D62E1E69 /* HolidayRegion.swift */ = {isa = PBXFileReference; lastKnownFileType = sourcecode.swift; path = HolidayRegion.swift; sourceTree = "<group>"; };
		DB37BB182F6DE220355A45B1 /* CalendarBottomToolbarView.swift */ = {isa = PBXFileReference; lastKnownFileType = sourcecode.swift; path = CalendarBottomToolbarView.swift; sourceTree = "<group>"; };
		DF46837BBCDCF4238367EE27 /* ReminderStatus.swift */ = {isa = PBXFileReference; lastKnownFileType = sourcecode.swift; path = ReminderStatus.swift; sourceTree = "<group>"; };
		E529D090684264185A62D2DD /* BundleHolidayProvider.swift */ = {isa = PBXFileReference; lastKnownFileType = sourcecode.swift; path = BundleHolidayProvider.swift; sourceTree = "<group>"; };
		E6C697DBAC450BBBF2638215 /* zh-Hans.lproj */ = {isa = PBXFileReference; path = "zh-Hans.lproj"; sourceTree = "<group>"; };
		E78AC648768A087EBFC5FAF0 /* HolidayRecommendedSource.swift */ = {isa = PBXFileReference; lastKnownFileType = sourcecode.swift; path = HolidayRecommendedSource.swift; sourceTree = "<group>"; };
		E9CEA7091890BFAB3C7B58EF /* en.lproj */ = {isa = PBXFileReference; path = en.lproj; sourceTree = "<group>"; };
		EA537673E0FB2CA5435DF0F1 /* ja */ = {isa = PBXFileReference; lastKnownFileType = text.plist.strings; name = ja; path = ja.lproj/Localizable.strings; sourceTree = "<group>"; };
		EC4BC937DED38ACC686A57B4 /* ImportSourceType.swift */ = {isa = PBXFileReference; lastKnownFileType = sourcecode.swift; path = ImportSourceType.swift; sourceTree = "<group>"; };
		EDD535FD2A3A66B1639FAE1F /* MonthCalendarView.swift */ = {isa = PBXFileReference; lastKnownFileType = sourcecode.swift; path = MonthCalendarView.swift; sourceTree = "<group>"; };
		F556AE27004F0D2E0520B852 /* ko */ = {isa = PBXFileReference; lastKnownFileType = text.plist.strings; name = ko; path = ko.lproj/Localizable.strings; sourceTree = "<group>"; };
		F786127B6D78F95EC1A11570 /* ReminderRepository.swift */ = {isa = PBXFileReference; lastKnownFileType = sourcecode.swift; path = ReminderRepository.swift; sourceTree = "<group>"; };
		F865221FC2538E95FAC43510 /* TimeNestFileImportUseCase.swift */ = {isa = PBXFileReference; lastKnownFileType = sourcecode.swift; path = TimeNestFileImportUseCase.swift; sourceTree = "<group>"; };
		FD009AC9340826530FB78B78 /* ko.lproj */ = {isa = PBXFileReference; path = ko.lproj; sourceTree = "<group>"; };
		FD81A481736AFAF2E5FBF110 /* EventRepository.swift */ = {isa = PBXFileReference; lastKnownFileType = sourcecode.swift; path = EventRepository.swift; sourceTree = "<group>"; };
		FF6423E12AEFF20549A1DB96 /* CalendarEvent.swift */ = {isa = PBXFileReference; lastKnownFileType = sourcecode.swift; path = CalendarEvent.swift; sourceTree = "<group>"; };
/* End PBXFileReference section */

/* Begin PBXGroup section */
		065F6C805735BB97F17E7D92 /* Date */ = {
			isa = PBXGroup;
			children = (
				CF0A8B04BD140BAF09666150 /* DateOnly.swift */,
			);
			path = Date;
			sourceTree = "<group>";
		};
		080413851EFC69CC10EE87A3 /* Permission */ = {
			isa = PBXGroup;
			children = (
			);
			path = Permission;
			sourceTree = "<group>";
		};
		094CB4FD1BD569C7F7FE4611 /* WeatherKit */ = {
			isa = PBXGroup;
			children = (
			);
			path = WeatherKit;
			sourceTree = "<group>";
		};
		1D281F7A24507AA0062BE910 /* DayDetail */ = {
			isa = PBXGroup;
			children = (
				D682C97DB10A243C8BF90AF1 /* DayDetailView.swift */,
			);
			path = DayDetail;
			sourceTree = "<group>";
		};
		1E433ED95F846FC74196D7D8 /* Persistence */ = {
			isa = PBXGroup;
			children = (
			);
			path = Persistence;
			sourceTree = "<group>";
		};
		1E563391F370033275D67AF1 /* Models */ = {
			isa = PBXGroup;
			children = (
				410DD090969736F802A54FB0 /* CalendarDisplaySetting.swift */,
				FF6423E12AEFF20549A1DB96 /* CalendarEvent.swift */,
				2CBB242BEA1E0C0D6A1993BF /* EventCategory.swift */,
				C335AB34F6D0357AA0E30AF2 /* EventOccurrence.swift */,
				0C83574DCD490DD98AF76D50 /* Holiday.swift */,
				030EF4730C918F3BE3C9CC91 /* HolidayEvent.swift */,
				E78AC648768A087EBFC5FAF0 /* HolidayRecommendedSource.swift */,
				45DC2F8ABC0C12427F9D25FB /* HolidaySubscription.swift */,
				930B04AEF751C1556AC288C0 /* ImportSource.swift */,
				545E9AB29A6BED89BE564B67 /* LocalizedText.swift */,
				BB0894E7E79370DACAF68DE4 /* ReminderStep.swift */,
				D4DBE2129C2403B064D8C0CB /* ReminderTemplate.swift */,
				D8A348048CDF4CCC3B75412C /* ScheduledReminder.swift */,
				66CB840A971656D52021FE5A /* TimeNestExportFile.swift */,
			);
			path = Models;
			sourceTree = "<group>";
		};
		219525A99B20A12B805581F3 /* AlarmKit */ = {
			isa = PBXGroup;
			children = (
			);
			path = AlarmKit;
			sourceTree = "<group>";
		};
		236B6E494CD2F8FD60E728B7 /* App */ = {
			isa = PBXGroup;
			children = (
				989C24E133C49121F2E0A868 /* ContentView.swift */,
				06600F158A953E74ADBEBB69 /* PlaceholderView.swift */,
				15A599B4EED96F8FF19C0460 /* TimeNestApp.swift */,
			);
			path = App;
			sourceTree = "<group>";
		};
		3E07FB5761A2775BE17A7FF3 = {
			isa = PBXGroup;
			children = (
				986F75D27FCC02C11F7C0766 /* TimeNest */,
				D222F39C39ADF750DD06BE3C /* TimeNestTests */,
				BE8799076891908CE115F40E /* Products */,
			);
			sourceTree = "<group>";
		};
		58F1464F0B8930F9BB265375 /* Domain */ = {
			isa = PBXGroup;
			children = (
				F6E3F23624B98FD62B785DA0 /* Calculators */,
				1E563391F370033275D67AF1 /* Models */,
				B9924274BC57FF88E6CDFEDE /* Rules */,
			);
			path = Domain;
			sourceTree = "<group>";
		};
		60D8DF15B447C6273634230E /* HolidaySettings */ = {
			isa = PBXGroup;
			children = (
			);
			path = HolidaySettings;
			sourceTree = "<group>";
		};
		6AE6851ED71F5E67951F0127 /* EventKit */ = {
			isa = PBXGroup;
			children = (
			);
			path = EventKit;
			sourceTree = "<group>";
		};
		720B1900167BF3411AE9D289 /* Holiday */ = {
			isa = PBXGroup;
			children = (
			);
			path = Holiday;
			sourceTree = "<group>";
		};
		721513619CE0DCC1DC273CA6 /* Notifications */ = {
			isa = PBXGroup;
			children = (
				D0CEC3D0D75DC4EDA8D0C224 /* AppNotifications.swift */,
			);
			path = Notifications;
			sourceTree = "<group>";
		};
		75A6CDFC660E8634B985D670 /* Reminder */ = {
			isa = PBXGroup;
			children = (
			);
			path = Reminder;
			sourceTree = "<group>";
		};
		7D6A7FAD9B5B1CD81F37E12E /* Shared */ = {
			isa = PBXGroup;
			children = (
				4603B799DA0FFFFA2C133B71 /* TabBarVisibilityState.swift */,
				065F6C805735BB97F17E7D92 /* Date */,
				FE26C0ECEE1EE36B7214EA0D /* Error */,
				838A0C35F0DE22AEF57CDA39 /* Localization */,
				721513619CE0DCC1DC273CA6 /* Notifications */,
				080413851EFC69CC10EE87A3 /* Permission */,
			);
			path = Shared;
			sourceTree = "<group>";
		};
		7EB3554D429EC87B34B76659 /* DTO */ = {
			isa = PBXGroup;
			children = (
				3688117AA88CDD697B64BC9B /* MonthGrid.swift */,
			);
			path = DTO;
			sourceTree = "<group>";
		};
		838A0C35F0DE22AEF57CDA39 /* Localization */ = {
			isa = PBXGroup;
			children = (
				BB7D1FCDFE583F4CADA13A0B /* Localizable.swift */,
				947BED78596841B0AF260897 /* LocalizationManager.swift */,
			);
			path = Localization;
			sourceTree = "<group>";
		};
		986F75D27FCC02C11F7C0766 /* TimeNest */ = {
			isa = PBXGroup;
			children = (
				8A3C86D3041C26844E7991D5 /* Info.plist */,
				236B6E494CD2F8FD60E728B7 /* App */,
				F506844DAAC238827B3E1D03 /* Application */,
				58F1464F0B8930F9BB265375 /* Domain */,
				F8DF1737B14D0A0675660F27 /* Infrastructure */,
				E9727329904500F43D202C01 /* Presentation */,
				CD9864983AAF796C5F5B3EC8 /* Resources */,
				7D6A7FAD9B5B1CD81F37E12E /* Shared */,
			);
			path = TimeNest;
			sourceTree = "<group>";
		};
		99AD72B39FCA27A3567399CC /* Widget */ = {
			isa = PBXGroup;
			children = (
			);
			path = Widget;
			sourceTree = "<group>";
		};
		A4F5554B432AB12B7EE8DC98 /* FileSharing */ = {
			isa = PBXGroup;
			children = (
				B60E8B1352E738C5784F97DE /* TimeNestFileDecoder.swift */,
				163680D7D1F036BBBE86EB76 /* TimeNestFileEncoder.swift */,
			);
			path = FileSharing;
			sourceTree = "<group>";
		};
		B9924274BC57FF88E6CDFEDE /* Rules */ = {
			isa = PBXGroup;
			children = (
				0AAE7371D9CF578DA493F53E /* DisplayLanguage.swift */,
				D9DEA1E3A69AB607D62E1E69 /* HolidayRegion.swift */,
				CA45497203607D5D1B0506E8 /* HolidayType.swift */,
				EC4BC937DED38ACC686A57B4 /* ImportSourceType.swift */,
				00E77805A7FD7651A7D51D2D /* RecurrenceRule.swift */,
				DF46837BBCDCF4238367EE27 /* ReminderStatus.swift */,
				4C80166B8FCD1DC798FF5FFB /* WeekStartPolicy.swift */,
			);
			path = Rules;
			sourceTree = "<group>";
		};
		BB54E976F2DF02235440EF38 /* Calendar */ = {
			isa = PBXGroup;
			children = (
				02CE474A2B66E0B8BD58BB72 /* AdBannerPlaceholderView.swift */,
				5CD7A38AD5074A7707015200 /* AddEventButtonRow.swift */,
				1105BE29C0D768F231940282 /* BottomTabBarView.swift */,
				DB37BB182F6DE220355A45B1 /* CalendarBottomToolbarView.swift */,
				100914DCC714075D43A228BC /* CalendarHeaderView.swift */,
				CE74E02C15578BF02A196567 /* CalendarStyles.swift */,
				1329B4B458CA6C6F44F683FF /* CalendarViewMode.swift */,
				EDD535FD2A3A66B1639FAE1F /* MonthCalendarView.swift */,
				CE192678143101DCAB0A48C0 /* MonthCalendarViewModel.swift */,
				5EE07A17F3762284F455C9D8 /* SelectedDateDetailView.swift */,
				C4AAB341E4A8A28E14B0536C /* SelectedDateInfoBarView.swift */,
				9AF5DE3632C0B3995E70548A /* WeekdayHeaderView.swift */,
				C907B87645C90FCC613D96CE /* YearMonthPickerView.swift */,
			);
			path = Calendar;
			sourceTree = "<group>";
		};
		BE8799076891908CE115F40E /* Products */ = {
			isa = PBXGroup;
			children = (
				5FEAA0FECE743D61878BE79D /* TimeNest.app */,
				7B9F2159B932C688AE90B53F /* TimeNestTests.xctest */,
			);
			name = Products;
			sourceTree = "<group>";
		};
		CD9864983AAF796C5F5B3EC8 /* Resources */ = {
			isa = PBXGroup;
			children = (
				777E44D6C52D2E84BB3A5906 /* Assets.xcassets */,
				E9CEA7091890BFAB3C7B58EF /* en.lproj */,
				81008528D75F27AC81D854F1 /* ja.lproj */,
				FD009AC9340826530FB78B78 /* ko.lproj */,
				E6C697DBAC450BBBF2638215 /* zh-Hans.lproj */,
				E439670392271700E636B759 /* Localizable.strings */,
			);
			path = Resources;
			sourceTree = "<group>";
		};
		CF6332EBBB25AF20F4917D82 /* EventEditor */ = {
			isa = PBXGroup;
			children = (
				2A1046A2FC5F307056FD1FBA /* EventEditorView.swift */,
			);
			path = EventEditor;
			sourceTree = "<group>";
		};
		CFE5483A16139CAD2958B385 /* Notification */ = {
			isa = PBXGroup;
			children = (
			);
			path = Notification;
			sourceTree = "<group>";
		};
		D222F39C39ADF750DD06BE3C /* TimeNestTests */ = {
			isa = PBXGroup;
			children = (
				A0916EDDA395322AA6C9C2B8 /* HolidayNameLocalizerTests.swift */,
				C91D5AD374D4C50C5C0A52A6 /* ICSParseServiceTests.swift */,
			);
			name = TimeNestTests;
			path = Tests/TimeNestTests;
			sourceTree = "<group>";
		};
		D78717E83D467F097EA41FBF /* Settings */ = {
			isa = PBXGroup;
			children = (
				040A1469E203ABCC0101CD8F /* HolidayRegionSelectionView.swift */,
				33AA1A7135A70815BEE77C7A /* HolidaySourceSettingsView.swift */,
				7EF9C9B46FBE954C36BF0CB8 /* HolidaySubscriptionSettingsView.swift */,
				AB3F652408912262E19CA28B /* SettingsView.swift */,
				D737715A3785C176A9D9B778 /* ShiftSharePlaceholderView.swift */,
				A1C8AE00E764B2E472E8A74E /* TimeNestFileSharingView.swift */,
			);
			path = Settings;
			sourceTree = "<group>";
		};
		E9727329904500F43D202C01 /* Presentation */ = {
			isa = PBXGroup;
			children = (
				BB54E976F2DF02235440EF38 /* Calendar */,
				1D281F7A24507AA0062BE910 /* DayDetail */,
				CF6332EBBB25AF20F4917D82 /* EventEditor */,
				60D8DF15B447C6273634230E /* HolidaySettings */,
				75A6CDFC660E8634B985D670 /* Reminder */,
				D78717E83D467F097EA41FBF /* Settings */,
			);
			path = Presentation;
			sourceTree = "<group>";
		};
		F506844DAAC238827B3E1D03 /* Application */ = {
			isa = PBXGroup;
			children = (
				531E399A4B7A63C24EDA1DE9 /* HolidayNameLocalizer.swift */,
				CBCA63CC7C9BE89781994D7F /* HolidaySubscriptionManager.swift */,
				7EB3554D429EC87B34B76659 /* DTO */,
				F553DA3B046ABE540226FB84 /* UseCases */,
			);
			path = Application;
			sourceTree = "<group>";
		};
		F553DA3B046ABE540226FB84 /* UseCases */ = {
			isa = PBXGroup;
			children = (
				A1D25B9002E986BD277DE4D4 /* CalendarDisplayUseCase.swift */,
				C9EF37B2E1D6F0B7A9EBB589 /* CalendarLocalizationUseCase.swift */,
				D523D91DACB01B11ADF3EF74 /* EventUseCase.swift */,
				5D8594EFD3EEC9D785D70FC1 /* HolidayUseCase.swift */,
				735689838CC2044510B86E90 /* ReminderUseCase.swift */,
				ADF5116B603DBE311BDCE81F /* TimeNestFileExportUseCase.swift */,
				F865221FC2538E95FAC43510 /* TimeNestFileImportUseCase.swift */,
			);
			path = UseCases;
			sourceTree = "<group>";
		};
		F6E3F23624B98FD62B785DA0 /* Calculators */ = {
			isa = PBXGroup;
			children = (
			);
			path = Calculators;
			sourceTree = "<group>";
		};
		F8DF1737B14D0A0675660F27 /* Infrastructure */ = {
			isa = PBXGroup;
			children = (
				E529D090684264185A62D2DD /* BundleHolidayProvider.swift */,
				FD81A481736AFAF2E5FBF110 /* EventRepository.swift */,
				2D01AE62AF0074A5FDC78C28 /* ExternalCalendarImporting.swift */,
				4D874383574C35940A031B80 /* HolidayEventCacheRepository.swift */,
				B3E7E5F217870F645CEE555E /* HolidayProviding.swift */,
				AB4A5788F1B9D19FD36ACB7A /* ICSDownloadService.swift */,
				94F20A78EFA540B69E95BCBE /* ICSParsingService.swift */,
				8CD23027255CFC9D1EE49C5C /* InMemoryEventRepository.swift */,
				17F01932A9BD416FFFFC322E /* InMemoryReminderRepository.swift */,
				B634CD84962FD7D8064CAE65 /* MockReminderScheduler.swift */,
				2C23BD5589D54CADBFAF41D9 /* MockWeatherProvider.swift */,
				F786127B6D78F95EC1A11570 /* ReminderRepository.swift */,
				67ADAD077EA077DD836ECFDF /* ReminderScheduling.swift */,
				74FAF6DFBA5FFD0C3D513BB1 /* WeatherProviding.swift */,
				219525A99B20A12B805581F3 /* AlarmKit */,
				6AE6851ED71F5E67951F0127 /* EventKit */,
				A4F5554B432AB12B7EE8DC98 /* FileSharing */,
				720B1900167BF3411AE9D289 /* Holiday */,
				CFE5483A16139CAD2958B385 /* Notification */,
				1E433ED95F846FC74196D7D8 /* Persistence */,
				094CB4FD1BD569C7F7FE4611 /* WeatherKit */,
				99AD72B39FCA27A3567399CC /* Widget */,
			);
			path = Infrastructure;
			sourceTree = "<group>";
		};
		FE26C0ECEE1EE36B7214EA0D /* Error */ = {
			isa = PBXGroup;
			children = (
				599C8A59624D80B050018C90 /* AppError.swift */,
			);
			path = Error;
			sourceTree = "<group>";
		};
/* End PBXGroup section */

/* Begin PBXNativeTarget section */
		2225269E6F32DE4DDE7D53EC /* TimeNest */ = {
			isa = PBXNativeTarget;
			buildConfigurationList = DA4619F14F2739EC8403D233 /* Build configuration list for PBXNativeTarget "TimeNest" */;
			buildPhases = (
				EC46D8C8D467866AC40EB52B /* Sources */,
				0DABFEB3E5E667218B46D59B /* Resources */,
			);
			buildRules = (
			);
			dependencies = (
			);
			name = TimeNest;
			packageProductDependencies = (
			);
			productName = TimeNest;
			productReference = 5FEAA0FECE743D61878BE79D /* TimeNest.app */;
			productType = "com.apple.product-type.application";
		};
		6D6670E3FD1E0F27727D23A9 /* TimeNestTests */ = {
			isa = PBXNativeTarget;
			buildConfigurationList = 45A8629EDF2B751356C8B129 /* Build configuration list for PBXNativeTarget "TimeNestTests" */;
			buildPhases = (
				9359E37251722921FCA97B86 /* Sources */,
			);
			buildRules = (
			);
			dependencies = (
				87008AA570AC5D1F79FB0C13 /* PBXTargetDependency */,
			);
			name = TimeNestTests;
			packageProductDependencies = (
			);
			productName = TimeNestTests;
			productReference = 7B9F2159B932C688AE90B53F /* TimeNestTests.xctest */;
			productType = "com.apple.product-type.bundle.unit-test";
		};
/* End PBXNativeTarget section */

/* Begin PBXProject section */
		6A6959C8840239CBDDE58058 /* Project object */ = {
			isa = PBXProject;
			attributes = {
				BuildIndependentTargetsInParallel = YES;
				LastUpgradeCheck = 1430;
				TargetAttributes = {
					2225269E6F32DE4DDE7D53EC = {
						DevelopmentTeam = S5NA4Y24ZD;
						ProvisioningStyle = Automatic;
					};
					6D6670E3FD1E0F27727D23A9 = {
						ProvisioningStyle = Automatic;
					};
				};
			};
			buildConfigurationList = DBFA16F0102D09E51528942D /* Build configuration list for PBXProject "TimeNest" */;
			developmentRegion = en;
			hasScannedForEncodings = 0;
			knownRegions = (
				Base,
				en,
				ja,
				ko,
				"zh-Hans",
			);
			mainGroup = 3E07FB5761A2775BE17A7FF3;
			minimizedProjectReferenceProxies = 1;
			preferredProjectObjectVersion = 77;
			productRefGroup = BE8799076891908CE115F40E /* Products */;
			projectDirPath = "";
			projectRoot = "";
			targets = (
				2225269E6F32DE4DDE7D53EC /* TimeNest */,
				6D6670E3FD1E0F27727D23A9 /* TimeNestTests */,
			);
		};
/* End PBXProject section */

/* Begin PBXResourcesBuildPhase section */
		0DABFEB3E5E667218B46D59B /* Resources */ = {
			isa = PBXResourcesBuildPhase;
			buildActionMask = 2147483647;
			files = (
				494A0F13B101F92803150695 /* Assets.xcassets in Resources */,
				DE72508C123D5BACDB6F5A4C /* Localizable.strings in Resources */,
				6839B6B779B1BCABBD773D1D /* en.lproj in Resources */,
				28EA7B08CE5976E1EB5EE94D /* ja.lproj in Resources */,
				72A14A1B8C98BE895CB58329 /* ko.lproj in Resources */,
				2A452B2BF2815D6737317826 /* zh-Hans.lproj in Resources */,
			);
			runOnlyForDeploymentPostprocessing = 0;
		};
/* End PBXResourcesBuildPhase section */

/* Begin PBXSourcesBuildPhase section */
		9359E37251722921FCA97B86 /* Sources */ = {
			isa = PBXSourcesBuildPhase;
			buildActionMask = 2147483647;
			files = (
				BDF95E2D8815418DBF3B23A6 /* HolidayNameLocalizerTests.swift in Sources */,
				5B015AB45624AA70E82A4539 /* ICSParseServiceTests.swift in Sources */,
			);
			runOnlyForDeploymentPostprocessing = 0;
		};
		EC46D8C8D467866AC40EB52B /* Sources */ = {
			isa = PBXSourcesBuildPhase;
			buildActionMask = 2147483647;
			files = (
				93EEE118E32D15D0185CAD37 /* AdBannerPlaceholderView.swift in Sources */,
				7148073A3AEBCAD722A1FEF1 /* AddEventButtonRow.swift in Sources */,
				19C4A1C1F4B504B1E5656B84 /* AppError.swift in Sources */,
				F94845112421254C64A7C027 /* AppNotifications.swift in Sources */,
				92088F63F36701396CE8C4FD /* BottomTabBarView.swift in Sources */,
				04D0B4B3961F3C11BC6D797A /* BundleHolidayProvider.swift in Sources */,
				1605F1F99375339C7D3AFAE8 /* CalendarBottomToolbarView.swift in Sources */,
				C6D8607CC78170185511EA96 /* CalendarDisplaySetting.swift in Sources */,
				1E5A03A74BDE0F365843AF5C /* CalendarDisplayUseCase.swift in Sources */,
				601434245D349B48607E5BEC /* CalendarEvent.swift in Sources */,
				4E2DD46F8685576DACBEC676 /* CalendarHeaderView.swift in Sources */,
				2FF605F4D546A5762C438E62 /* CalendarLocalizationUseCase.swift in Sources */,
				FB59D6E29A5F0F8D1BD93931 /* CalendarStyles.swift in Sources */,
				3583077C9AF834FF8C027D2D /* CalendarViewMode.swift in Sources */,
				2A526C0EE282FEE618AF455F /* ContentView.swift in Sources */,
				CC55B3C4746DF105B8192A85 /* DateOnly.swift in Sources */,
				5F995EA1CA90F1434E5D25EB /* DayDetailView.swift in Sources */,
				1DCD49B77F33B9C8044BD8A1 /* DisplayLanguage.swift in Sources */,
				D5E766E5392BD1FDB5CC110E /* EventCategory.swift in Sources */,
				BD346351FA1DD1F69A2143B9 /* EventEditorView.swift in Sources */,
				1A9FA4EDCF81F3D6B91F8390 /* EventOccurrence.swift in Sources */,
				3A8EBA9E102992354EB1FB4A /* EventRepository.swift in Sources */,
				2E93851A4B77AACCFB33DB9B /* EventUseCase.swift in Sources */,
				F4191D0B223F9993C636FE75 /* ExternalCalendarImporting.swift in Sources */,
				9EEC3FB24083936C2D1086FF /* Holiday.swift in Sources */,
				0D2C383A22DD5BF451C9DCA2 /* HolidayEvent.swift in Sources */,
				EE5F68DDE343D2BA4F836A53 /* HolidayEventCacheRepository.swift in Sources */,
				28D01B21F9B8EBB39950A36E /* HolidayNameLocalizer.swift in Sources */,
				0F8303A8746CC4C17898EFBA /* HolidayProviding.swift in Sources */,
				43B231DEE6EB612DD6D63EAA /* HolidayRecommendedSource.swift in Sources */,
				C587454E6A253CA44E1F7536 /* HolidayRegion.swift in Sources */,
				73BB4AC7FD9D1FD11721908E /* HolidayRegionSelectionView.swift in Sources */,
				DD70690FC29D43E45D067F26 /* HolidaySourceSettingsView.swift in Sources */,
				92912AB1C1197E29BB5229A9 /* HolidaySubscription.swift in Sources */,
				866BCB5D83CAD2BABB918179 /* HolidaySubscriptionManager.swift in Sources */,
				F3984972E7AA724B6DCC1B25 /* HolidaySubscriptionSettingsView.swift in Sources */,
				BE154C6185E758476B15AF17 /* HolidayType.swift in Sources */,
				E1F666FAB384344CC825B6CE /* HolidayUseCase.swift in Sources */,
				350963AEE39B5043EBC22BBB /* ICSDownloadService.swift in Sources */,
				AA5CAD60142285BBD3B5C1A0 /* ICSParsingService.swift in Sources */,
				1ED252B2287A7D40469BCCA5 /* ImportSource.swift in Sources */,
				4D725366237C463AB1A9406A /* ImportSourceType.swift in Sources */,
				B6A55D5A3563F7DDED2DFAA1 /* InMemoryEventRepository.swift in Sources */,
				3F81E0A8D90E6D4D55192D2C /* InMemoryReminderRepository.swift in Sources */,
				72F8137F7B5B97D9FA82938C /* Localizable.swift in Sources */,
				DC12A9E91D661531B48C8AEE /* LocalizationManager.swift in Sources */,
				552794D3E036900EF531FB98 /* LocalizedText.swift in Sources */,
				889EC769BE998CF66CC585FF /* MockReminderScheduler.swift in Sources */,
				AEE32A9D708168EB86F0B980 /* MockWeatherProvider.swift in Sources */,
				CFC581688A4CB1747DD70A73 /* MonthCalendarView.swift in Sources */,
				B44F9529CD90750B94DB5A36 /* MonthCalendarViewModel.swift in Sources */,
				C2A17FEAD1B93E9B1CBA6CF6 /* MonthGrid.swift in Sources */,
				7B81A8AD25EB5F5CB2780573 /* PlaceholderView.swift in Sources */,
				D68ACD27D603FA5C091C3943 /* RecurrenceRule.swift in Sources */,
				7BAAE5B7CA121B7C7E66C578 /* ReminderRepository.swift in Sources */,
				A2DB08E650F725CB3259C6AB /* ReminderScheduling.swift in Sources */,
				059EC02C212EACF956EFBD2F /* ReminderStatus.swift in Sources */,
				030F4B625A30EC646FCAAC9F /* ReminderStep.swift in Sources */,
				8E524015AE53AC0BF2FD1FE1 /* ReminderTemplate.swift in Sources */,
				F10090AC7E7DD170FDC0933D /* ReminderUseCase.swift in Sources */,
				533F4D90D32CF836DAD356F6 /* ScheduledReminder.swift in Sources */,
				FAD7FD49C296B49F095BAB54 /* SelectedDateDetailView.swift in Sources */,
				2FDC7A0ECDA46AA402CE8594 /* SelectedDateInfoBarView.swift in Sources */,
				30B5126D6A9F938A4227BA57 /* SettingsView.swift in Sources */,
				C988C6551FBD7DCB5DBE57FA /* ShiftSharePlaceholderView.swift in Sources */,
				A4671F9245F82B04AC378164 /* TabBarVisibilityState.swift in Sources */,
				AF21661824BC767CEDCB8EF5 /* TimeNestApp.swift in Sources */,
				B9863A7B94A51BE4BC57FC03 /* TimeNestExportFile.swift in Sources */,
				0A936F6E4551063BF1390069 /* TimeNestFileDecoder.swift in Sources */,
				59BDDE14F37B4F7B669ACF80 /* TimeNestFileEncoder.swift in Sources */,
				9459D55EC453439C732DDED8 /* TimeNestFileExportUseCase.swift in Sources */,
				C6E705E0B9143B325E44B0AB /* TimeNestFileImportUseCase.swift in Sources */,
				CE30C13DCA2C875CB300B701 /* TimeNestFileSharingView.swift in Sources */,
				996823798FAE09F2030AD0E0 /* WeatherProviding.swift in Sources */,
				D594A6245E016952B851D0FA /* WeekStartPolicy.swift in Sources */,
				4ACEB9475F21BE11EB3AC70B /* WeekdayHeaderView.swift in Sources */,
				9244E98DE66883F611849ADD /* YearMonthPickerView.swift in Sources */,
			);
			runOnlyForDeploymentPostprocessing = 0;
		};
/* End PBXSourcesBuildPhase section */

/* Begin PBXTargetDependency section */
		87008AA570AC5D1F79FB0C13 /* PBXTargetDependency */ = {
			isa = PBXTargetDependency;
			target = 2225269E6F32DE4DDE7D53EC /* TimeNest */;
			targetProxy = D4B1CADE2759CBDA437A974A /* PBXContainerItemProxy */;
		};
/* End PBXTargetDependency section */

/* Begin PBXVariantGroup section */
		E439670392271700E636B759 /* Localizable.strings */ = {
			isa = PBXVariantGroup;
			children = (
				9B104717B9916B3CB217D944 /* en */,
				EA537673E0FB2CA5435DF0F1 /* ja */,
				F556AE27004F0D2E0520B852 /* ko */,
				30C3C5FB4EB1928A7D6D5AEE /* zh-Hans */,
			);
			name = Localizable.strings;
			sourceTree = "<group>";
		};
/* End PBXVariantGroup section */

/* Begin XCBuildConfiguration section */
		04069DD09718FB44A699E176 /* Release */ = {
			isa = XCBuildConfiguration;
			buildSettings = {
				ALWAYS_SEARCH_USER_PATHS = NO;
				CLANG_ANALYZER_NONNULL = YES;
				CLANG_ANALYZER_NUMBER_OBJECT_CONVERSION = YES_AGGRESSIVE;
				CLANG_CXX_LANGUAGE_STANDARD = "gnu++14";
				CLANG_CXX_LIBRARY = "libc++";
				CLANG_ENABLE_MODULES = YES;
				CLANG_ENABLE_OBJC_ARC = YES;
				CLANG_ENABLE_OBJC_WEAK = YES;
				CLANG_WARN_BLOCK_CAPTURE_AUTORELEASING = YES;
				CLANG_WARN_BOOL_CONVERSION = YES;
				CLANG_WARN_COMMA = YES;
				CLANG_WARN_CONSTANT_CONVERSION = YES;
				CLANG_WARN_DEPRECATED_OBJC_IMPLEMENTATIONS = YES;
				CLANG_WARN_DIRECT_OBJC_ISA_USAGE = YES_ERROR;
				CLANG_WARN_DOCUMENTATION_COMMENTS = YES;
				CLANG_WARN_EMPTY_BODY = YES;
				CLANG_WARN_ENUM_CONVERSION = YES;
				CLANG_WARN_INFINITE_RECURSION = YES;
				CLANG_WARN_INT_CONVERSION = YES;
				CLANG_WARN_NON_LITERAL_NULL_CONVERSION = YES;
				CLANG_WARN_OBJC_IMPLICIT_RETAIN_SELF = YES;
				CLANG_WARN_OBJC_LITERAL_CONVERSION = YES;
				CLANG_WARN_OBJC_ROOT_CLASS = YES_ERROR;
				CLANG_WARN_QUOTED_INCLUDE_IN_FRAMEWORK_HEADER = YES;
				CLANG_WARN_RANGE_LOOP_ANALYSIS = YES;
				CLANG_WARN_STRICT_PROTOTYPES = YES;
				CLANG_WARN_SUSPICIOUS_MOVE = YES;
				CLANG_WARN_UNGUARDED_AVAILABILITY = YES_AGGRESSIVE;
				CLANG_WARN_UNREACHABLE_CODE = YES;
				CLANG_WARN__DUPLICATE_METHOD_MATCH = YES;
				CODE_SIGN_STYLE = Automatic;
				COPY_PHASE_STRIP = NO;
				CURRENT_PROJECT_VERSION = 1;
				DEBUG_INFORMATION_FORMAT = "dwarf-with-dsym";
				ENABLE_NS_ASSERTIONS = NO;
				ENABLE_STRICT_OBJC_MSGSEND = YES;
				GCC_C_LANGUAGE_STANDARD = gnu11;
				GCC_NO_COMMON_BLOCKS = YES;
				GCC_WARN_64_TO_32_BIT_CONVERSION = YES;
				GCC_WARN_ABOUT_RETURN_TYPE = YES_ERROR;
				GCC_WARN_UNDECLARED_SELECTOR = YES;
				GCC_WARN_UNINITIALIZED_AUTOS = YES_AGGRESSIVE;
				GCC_WARN_UNUSED_FUNCTION = YES;
				GCC_WARN_UNUSED_VARIABLE = YES;
				IPHONEOS_DEPLOYMENT_TARGET = 17.0;
				MARKETING_VERSION = 1.0;
				MTL_ENABLE_DEBUG_INFO = NO;
				MTL_FAST_MATH = YES;
				PRODUCT_NAME = "$(TARGET_NAME)";
				SDKROOT = iphoneos;
				SWIFT_COMPILATION_MODE = wholemodule;
				SWIFT_OPTIMIZATION_LEVEL = "-O";
				SWIFT_VERSION = 5.9;
			};
			name = Release;
		};
		BA9F46B6EC17DF0D99F46342 /* Release */ = {
			isa = XCBuildConfiguration;
			buildSettings = {
				ASSETCATALOG_COMPILER_APPICON_NAME = AppIcon;
				CODE_SIGN_IDENTITY = "iPhone Developer";
				CODE_SIGN_STYLE = Automatic;
				DEVELOPMENT_TEAM = S5NA4Y24ZD;
				GENERATE_INFOPLIST_FILE = NO;
				INFOPLIST_FILE = TimeNest/Info.plist;
				IPHONEOS_DEPLOYMENT_TARGET = 17.0;
				LD_RUNPATH_SEARCH_PATHS = (
					"$(inherited)",
					"@executable_path/Frameworks",
				);
				MACH_O_TYPE = mh_execute;
				PRODUCT_BUNDLE_IDENTIFIER = com.song.TimeNest;
				PRODUCT_BUNDLE_PACKAGE_TYPE = APPL;
				SDKROOT = iphoneos;
				SKIP_INSTALL = NO;
				TARGETED_DEVICE_FAMILY = "1,2";
			};
			name = Release;
		};
		BF773E8BA86A0CA9DF340081 /* Debug */ = {
			isa = XCBuildConfiguration;
			buildSettings = {
				ASSETCATALOG_COMPILER_APPICON_NAME = AppIcon;
				CODE_SIGN_IDENTITY = "iPhone Developer";
				CODE_SIGN_STYLE = Automatic;
				DEVELOPMENT_TEAM = S5NA4Y24ZD;
				GENERATE_INFOPLIST_FILE = NO;
				INFOPLIST_FILE = TimeNest/Info.plist;
				IPHONEOS_DEPLOYMENT_TARGET = 17.0;
				LD_RUNPATH_SEARCH_PATHS = (
					"$(inherited)",
					"@executable_path/Frameworks",
				);
				MACH_O_TYPE = mh_execute;
				PRODUCT_BUNDLE_IDENTIFIER = com.song.TimeNest;
				PRODUCT_BUNDLE_PACKAGE_TYPE = APPL;
				SDKROOT = iphoneos;
				SKIP_INSTALL = NO;
				TARGETED_DEVICE_FAMILY = "1,2";
			};
			name = Debug;
		};
		C6EEA7A19A1C096B1CA6B32A /* Release */ = {
			isa = XCBuildConfiguration;
			buildSettings = {
				BUNDLE_LOADER = "$(TEST_HOST)";
				CODE_SIGNING_ALLOWED = NO;
				CODE_SIGNING_IDENTITY = "";
				CODE_SIGNING_REQUIRED = NO;
				GENERATE_INFOPLIST_FILE = YES;
				IPHONEOS_DEPLOYMENT_TARGET = 17.0;
				LD_RUNPATH_SEARCH_PATHS = (
					"$(inherited)",
					"@executable_path/Frameworks",
					"@loader_path/Frameworks",
				);
				PRODUCT_BUNDLE_IDENTIFIER = com.song.TimeNestTests;
				SDKROOT = iphoneos;
				SKIP_INSTALL = YES;
				TARGETED_DEVICE_FAMILY = "1,2";
				TEST_HOST = "$(BUILT_PRODUCTS_DIR)/TimeNest.app/TimeNest";
			};
			name = Release;
		};
		CEFD87B728DE8C5C070264F1 /* Debug */ = {
			isa = XCBuildConfiguration;
			buildSettings = {
				ALWAYS_SEARCH_USER_PATHS = NO;
				CLANG_ANALYZER_NONNULL = YES;
				CLANG_ANALYZER_NUMBER_OBJECT_CONVERSION = YES_AGGRESSIVE;
				CLANG_CXX_LANGUAGE_STANDARD = "gnu++14";
				CLANG_CXX_LIBRARY = "libc++";
				CLANG_ENABLE_MODULES = YES;
				CLANG_ENABLE_OBJC_ARC = YES;
				CLANG_ENABLE_OBJC_WEAK = YES;
				CLANG_WARN_BLOCK_CAPTURE_AUTORELEASING = YES;
				CLANG_WARN_BOOL_CONVERSION = YES;
				CLANG_WARN_COMMA = YES;
				CLANG_WARN_CONSTANT_CONVERSION = YES;
				CLANG_WARN_DEPRECATED_OBJC_IMPLEMENTATIONS = YES;
				CLANG_WARN_DIRECT_OBJC_ISA_USAGE = YES_ERROR;
				CLANG_WARN_DOCUMENTATION_COMMENTS = YES;
				CLANG_WARN_EMPTY_BODY = YES;
				CLANG_WARN_ENUM_CONVERSION = YES;
				CLANG_WARN_INFINITE_RECURSION = YES;
				CLANG_WARN_INT_CONVERSION = YES;
				CLANG_WARN_NON_LITERAL_NULL_CONVERSION = YES;
				CLANG_WARN_OBJC_IMPLICIT_RETAIN_SELF = YES;
				CLANG_WARN_OBJC_LITERAL_CONVERSION = YES;
				CLANG_WARN_OBJC_ROOT_CLASS = YES_ERROR;
				CLANG_WARN_QUOTED_INCLUDE_IN_FRAMEWORK_HEADER = YES;
				CLANG_WARN_RANGE_LOOP_ANALYSIS = YES;
				CLANG_WARN_STRICT_PROTOTYPES = YES;
				CLANG_WARN_SUSPICIOUS_MOVE = YES;
				CLANG_WARN_UNGUARDED_AVAILABILITY = YES_AGGRESSIVE;
				CLANG_WARN_UNREACHABLE_CODE = YES;
				CLANG_WARN__DUPLICATE_METHOD_MATCH = YES;
				CODE_SIGN_STYLE = Automatic;
				COPY_PHASE_STRIP = NO;
				CURRENT_PROJECT_VERSION = 1;
				DEBUG_INFORMATION_FORMAT = dwarf;
				ENABLE_STRICT_OBJC_MSGSEND = YES;
				ENABLE_TESTABILITY = YES;
				GCC_C_LANGUAGE_STANDARD = gnu11;
				GCC_DYNAMIC_NO_PIC = NO;
				GCC_NO_COMMON_BLOCKS = YES;
				GCC_OPTIMIZATION_LEVEL = 0;
				GCC_PREPROCESSOR_DEFINITIONS = (
					"$(inherited)",
					"DEBUG=1",
				);
				GCC_WARN_64_TO_32_BIT_CONVERSION = YES;
				GCC_WARN_ABOUT_RETURN_TYPE = YES_ERROR;
				GCC_WARN_UNDECLARED_SELECTOR = YES;
				GCC_WARN_UNINITIALIZED_AUTOS = YES_AGGRESSIVE;
				GCC_WARN_UNUSED_FUNCTION = YES;
				GCC_WARN_UNUSED_VARIABLE = YES;
				IPHONEOS_DEPLOYMENT_TARGET = 17.0;
				MARKETING_VERSION = 1.0;
				MTL_ENABLE_DEBUG_INFO = INCLUDE_SOURCE;
				MTL_FAST_MATH = YES;
				ONLY_ACTIVE_ARCH = YES;
				PRODUCT_NAME = "$(TARGET_NAME)";
				SDKROOT = iphoneos;
				SWIFT_ACTIVE_COMPILATION_CONDITIONS = DEBUG;
				SWIFT_OPTIMIZATION_LEVEL = "-Onone";
				SWIFT_VERSION = 5.9;
			};
			name = Debug;
		};
		D5090DA1E43BAD63E225A774 /* Debug */ = {
			isa = XCBuildConfiguration;
			buildSettings = {
				BUNDLE_LOADER = "$(TEST_HOST)";
				CODE_SIGNING_ALLOWED = NO;
				CODE_SIGNING_IDENTITY = "";
				CODE_SIGNING_REQUIRED = NO;
				GENERATE_INFOPLIST_FILE = YES;
				IPHONEOS_DEPLOYMENT_TARGET = 17.0;
				LD_RUNPATH_SEARCH_PATHS = (
					"$(inherited)",
					"@executable_path/Frameworks",
					"@loader_path/Frameworks",
				);
				PRODUCT_BUNDLE_IDENTIFIER = com.song.TimeNestTests;
				SDKROOT = iphoneos;
				SKIP_INSTALL = YES;
				TARGETED_DEVICE_FAMILY = "1,2";
				TEST_HOST = "$(BUILT_PRODUCTS_DIR)/TimeNest.app/TimeNest";
			};
			name = Debug;
		};
/* End XCBuildConfiguration section */

/* Begin XCConfigurationList section */
		45A8629EDF2B751356C8B129 /* Build configuration list for PBXNativeTarget "TimeNestTests" */ = {
			isa = XCConfigurationList;
			buildConfigurations = (
				D5090DA1E43BAD63E225A774 /* Debug */,
				C6EEA7A19A1C096B1CA6B32A /* Release */,
			);
			defaultConfigurationIsVisible = 0;
			defaultConfigurationName = Debug;
		};
		DA4619F14F2739EC8403D233 /* Build configuration list for PBXNativeTarget "TimeNest" */ = {
			isa = XCConfigurationList;
			buildConfigurations = (
				BF773E8BA86A0CA9DF340081 /* Debug */,
				BA9F46B6EC17DF0D99F46342 /* Release */,
			);
			defaultConfigurationIsVisible = 0;
			defaultConfigurationName = Debug;
		};
		DBFA16F0102D09E51528942D /* Build configuration list for PBXProject "TimeNest" */ = {
			isa = XCConfigurationList;
			buildConfigurations = (
				CEFD87B728DE8C5C070264F1 /* Debug */,
				04069DD09718FB44A699E176 /* Release */,
			);
			defaultConfigurationIsVisible = 0;
			defaultConfigurationName = Debug;
		};
/* End XCConfigurationList section */
	};
	rootObject = 6A6959C8840239CBDDE58058 /* Project object */;
}
